// !$*UTF8*$!
{
	archiveVersion = 1;
	classes = {
	};
	objectVersion = 56;
	objects = {

/* Begin PBXBuildFile section */
		000855692A72FE2C00309905 /* AdvanceApp.swift in Sources */ = {isa = PBXBuildFile; fileRef = 000855682A72FE2C00309905 /* AdvanceApp.swift */; };
		0008556E2A7306CB00309905 /* Standard.swift in Sources */ = {isa = PBXBuildFile; fileRef = 0008556D2A7306CB00309905 /* Standard.swift */; };
		001CB5202A718D4200DBB6FA /* Assets.xcassets in Resources */ = {isa = PBXBuildFile; fileRef = 001CB51F2A718D4200DBB6FA /* Assets.xcassets */; };
		001D8A262B3674DA00A285BD /* Defaults in Frameworks */ = {isa = PBXBuildFile; productRef = 001D8A252B3674DA00A285BD /* Defaults */; };
		001D8A282B36790B00A285BD /* SettingsCopyingView.swift in Sources */ = {isa = PBXBuildFile; fileRef = 001D8A272B36790B00A285BD /* SettingsCopyingView.swift */; };
		001D8D0E2A74AC5400B58790 /* Model.swift in Sources */ = {isa = PBXBuildFile; fileRef = 001D8D0D2A74AC5400B58790 /* Model.swift */; };
		001E1E672AC4DD79005EE188 /* CopyDepot.swift in Sources */ = {isa = PBXBuildFile; fileRef = 001E1E662AC4DD79005EE188 /* CopyDepot.swift */; };
		001E1E692AC4DEC8005EE188 /* ImageCollectionCopyingView.swift in Sources */ = {isa = PBXBuildFile; fileRef = 001E1E682AC4DEC8005EE188 /* ImageCollectionCopyingView.swift */; };
		001E7B652AD8394C001EAF72 /* SettingsGeneralView.swift in Sources */ = {isa = PBXBuildFile; fileRef = 001E7B642AD8394C001EAF72 /* SettingsGeneralView.swift */; };
		001E7B672AD83A21001EAF72 /* SettingsImportView.swift in Sources */ = {isa = PBXBuildFile; fileRef = 001E7B662AD83A21001EAF72 /* SettingsImportView.swift */; };
		002379092B3DFC9F00097BF0 /* Scened.swift in Sources */ = {isa = PBXBuildFile; fileRef = 002379082B3DFC9F00097BF0 /* Scened.swift */; };
		002629D22AD59DC700ABFEB6 /* DisplayView.swift in Sources */ = {isa = PBXBuildFile; fileRef = 002629D12AD59DC700ABFEB6 /* DisplayView.swift */; };
		002FB7752B0BE0F900E930AF /* ImageCollectionBookmarkView.swift in Sources */ = {isa = PBXBuildFile; fileRef = 002FB7742B0BE0F900E930AF /* ImageCollectionBookmarkView.swift */; };
		0033751A2B34EBC800423A58 /* ImageCollectionItemView.swift in Sources */ = {isa = PBXBuildFile; fileRef = 003375192B34EBC800423A58 /* ImageCollectionItemView.swift */; };
		003763C92AB4068700D53F2E /* ImageCollectionSidebarView.swift in Sources */ = {isa = PBXBuildFile; fileRef = 003763C82AB4068700D53F2E /* ImageCollectionSidebarView.swift */; };
		003763CC2AB40FD800D53F2E /* ImageCollectionSidebarEmptyView.swift in Sources */ = {isa = PBXBuildFile; fileRef = 003763CB2AB40FD800D53F2E /* ImageCollectionSidebarEmptyView.swift */; };
		003B1EFA2B6804AA0046594E /* Collection.swift in Sources */ = {isa = PBXBuildFile; fileRef = 003B1EF92B6804AA0046594E /* Collection.swift */; };
		0042B5DB2AB8C450009F251B /* ImageCollectionCommands.swift in Sources */ = {isa = PBXBuildFile; fileRef = 0042B5DA2AB8C450009F251B /* ImageCollectionCommands.swift */; };
		0043C6052B40E78E0092AB71 /* SettingsExtraView.swift in Sources */ = {isa = PBXBuildFile; fileRef = 0043C6042B40E78E0092AB71 /* SettingsExtraView.swift */; };
		004D8FC02A76C1C900C0303E /* SettingsView.swift in Sources */ = {isa = PBXBuildFile; fileRef = 004D8FBF2A76C1C900C0303E /* SettingsView.swift */; };
		005608312B6F242F0063DCE2 /* ImageCollectionNewCommands.swift in Sources */ = {isa = PBXBuildFile; fileRef = 005608302B6F242E0063DCE2 /* ImageCollectionNewCommands.swift */; };
		005608332B6F24510063DCE2 /* ImageCollectionExternalCommands.swift in Sources */ = {isa = PBXBuildFile; fileRef = 005608322B6F24510063DCE2 /* ImageCollectionExternalCommands.swift */; };
		005608352B6F24680063DCE2 /* ImageCollectionEditCommands.swift in Sources */ = {isa = PBXBuildFile; fileRef = 005608342B6F24680063DCE2 /* ImageCollectionEditCommands.swift */; };
		005608372B6F24810063DCE2 /* ImageCollectionImageCommands.swift in Sources */ = {isa = PBXBuildFile; fileRef = 005608362B6F24810063DCE2 /* ImageCollectionImageCommands.swift */; };
		005608392B6F24970063DCE2 /* ImageCollectionWindowCommands.swift in Sources */ = {isa = PBXBuildFile; fileRef = 005608382B6F24970063DCE2 /* ImageCollectionWindowCommands.swift */; };
		0056083C2B6F6BFB0063DCE2 /* SettingsLiveTextSupportViewModifier.swift in Sources */ = {isa = PBXBuildFile; fileRef = 0056083B2B6F6BFB0063DCE2 /* SettingsLiveTextSupportViewModifier.swift */; };
		005F7C5A2B6FDAB800B3FBCB /* AppScene.swift in Sources */ = {isa = PBXBuildFile; fileRef = 005F7C592B6FDAB800B3FBCB /* AppScene.swift */; };
		0077AF922ABB8650002E3FF4 /* Image.swift in Sources */ = {isa = PBXBuildFile; fileRef = 0077AF912ABB8650002E3FF4 /* Image.swift */; };
		007FDD492A76E1C800A1E42B /* Windowed.swift in Sources */ = {isa = PBXBuildFile; fileRef = 007FDD482A76E1C800A1E42B /* Windowed.swift */; };
		008815F62B07DC8A00D8F3D8 /* Algorithms in Frameworks */ = {isa = PBXBuildFile; productRef = 008815F52B07DC8A00D8F3D8 /* Algorithms */; };
		00A983A62B47B1F700A8E61C /* View+Key.swift in Sources */ = {isa = PBXBuildFile; fileRef = 00A983A52B47B1F600A8E61C /* View+Key.swift */; };
		00AE138E2B4C7A2600FE8A5D /* Quartz.swift in Sources */ = {isa = PBXBuildFile; fileRef = 00AE138D2B4C7A2600FE8A5D /* Quartz.swift */; };
		00BA40B72B4E353C0022C488 /* Localizable.xcstrings in Resources */ = {isa = PBXBuildFile; fileRef = 00BA40B62B4E353C0022C488 /* Localizable.xcstrings */; };
		00C09BBF2A789D30006EB887 /* View.swift in Sources */ = {isa = PBXBuildFile; fileRef = 00C09BBE2A789D30006EB887 /* View.swift */; };
		00C127362A90CF7400B5452C /* LiveTextView.swift in Sources */ = {isa = PBXBuildFile; fileRef = 00C127352A90CF7400B5452C /* LiveTextView.swift */; };
		00C369532AB766DC0033F10A /* ImageCollection.swift in Sources */ = {isa = PBXBuildFile; fileRef = 00C369522AB766DC0033F10A /* ImageCollection.swift */; };
		00CBAB572AB23E1F0045FF83 /* ImageCollectionView.swift in Sources */ = {isa = PBXBuildFile; fileRef = 00CBAB562AB23E1F0045FF83 /* ImageCollectionView.swift */; };
		00CBAB5A2AB23E9C0045FF83 /* ImageCollectionScene.swift in Sources */ = {isa = PBXBuildFile; fileRef = 00CBAB592AB23E9C0045FF83 /* ImageCollectionScene.swift */; };
		00CBAB5C2AB2470C0045FF83 /* ImageCollectionDetailView.swift in Sources */ = {isa = PBXBuildFile; fileRef = 00CBAB5B2AB2470C0045FF83 /* ImageCollectionDetailView.swift */; };
		00CC4F412B588DB3009EEC8A /* DisplayImageView.swift in Sources */ = {isa = PBXBuildFile; fileRef = 00CC4F402B588DB3009EEC8A /* DisplayImageView.swift */; };
		00CF4C8B2B28C0AD0033C95B /* Button.swift in Sources */ = {isa = PBXBuildFile; fileRef = 00CF4C8A2B28C0AD0033C95B /* Button.swift */; };
		00D0E1C12B9E68F500624018 /* ImageCollectionNavigatorCommands.swift in Sources */ = {isa = PBXBuildFile; fileRef = 00D0E1C02B9E68F400624018 /* ImageCollectionNavigatorCommands.swift */; };
		00D38C312AD73672005505F5 /* ImageCollectionSidebarContentView.swift in Sources */ = {isa = PBXBuildFile; fileRef = 00D38C302AD73671005505F5 /* ImageCollectionSidebarContentView.swift */; };
		00E0ECC02A76A8000030A0DC /* AppDelegate.swift in Sources */ = {isa = PBXBuildFile; fileRef = 00E0ECBF2A76A8000030A0DC /* AppDelegate.swift */; };
		00E42E912B339E0700BC05A7 /* Bookmark.swift in Sources */ = {isa = PBXBuildFile; fileRef = 00E42E902B339E0700BC05A7 /* Bookmark.swift */; };
		00E42E992B33A39400BC05A7 /* BookmarkStore.swift in Sources */ = {isa = PBXBuildFile; fileRef = 00E42E982B33A39400BC05A7 /* BookmarkStore.swift */; };
		00E42E9B2B33EB8000BC05A7 /* ImageCollectionManager.swift in Sources */ = {isa = PBXBuildFile; fileRef = 00E42E9A2B33EB8000BC05A7 /* ImageCollectionManager.swift */; };
		00F75B2A2B9E220D0021D0A3 /* View+Configuration.swift in Sources */ = {isa = PBXBuildFile; fileRef = 00F75B292B9E220D0021D0A3 /* View+Configuration.swift */; };
		00F9069B2B3F5F0700B0CAE2 /* OrderedCollections in Frameworks */ = {isa = PBXBuildFile; productRef = 00F9069A2B3F5F0700B0CAE2 /* OrderedCollections */; };
		00FD27A12B715111000F38CE /* ImageCollectionQuickLookView.swift in Sources */ = {isa = PBXBuildFile; fileRef = 00FD27A02B715111000F38CE /* ImageCollectionQuickLookView.swift */; };
/* End PBXBuildFile section */

/* Begin PBXFileReference section */
		000855682A72FE2C00309905 /* AdvanceApp.swift */ = {isa = PBXFileReference; lastKnownFileType = sourcecode.swift; path = AdvanceApp.swift; sourceTree = "<group>"; };
		0008556D2A7306CB00309905 /* Standard.swift */ = {isa = PBXFileReference; lastKnownFileType = sourcecode.swift; path = Standard.swift; sourceTree = "<group>"; };
		001754BA2B6EFB8F00458BB3 /* Wonder Cat Kyuu-chan.png */ = {isa = PBXFileReference; lastKnownFileType = image.png; path = "Wonder Cat Kyuu-chan.png"; sourceTree = "<group>"; };
		001754BB2B6EFB8F00458BB3 /* Children of the Whales.png */ = {isa = PBXFileReference; lastKnownFileType = image.png; path = "Children of the Whales.png"; sourceTree = "<group>"; };
		001CB5182A718D3C00DBB6FA /* Advance.app */ = {isa = PBXFileReference; explicitFileType = wrapper.application; includeInIndex = 0; path = Advance.app; sourceTree = BUILT_PRODUCTS_DIR; };
		001CB51F2A718D4200DBB6FA /* Assets.xcassets */ = {isa = PBXFileReference; lastKnownFileType = folder.assetcatalog; path = Assets.xcassets; sourceTree = "<group>"; };
		001CB5242A718D4200DBB6FA /* Advance.entitlements */ = {isa = PBXFileReference; lastKnownFileType = text.plist.entitlements; path = Advance.entitlements; sourceTree = "<group>"; };
		001D8A272B36790B00A285BD /* SettingsCopyingView.swift */ = {isa = PBXFileReference; lastKnownFileType = sourcecode.swift; path = SettingsCopyingView.swift; sourceTree = "<group>"; };
		001D8D0D2A74AC5400B58790 /* Model.swift */ = {isa = PBXFileReference; lastKnownFileType = sourcecode.swift; path = Model.swift; sourceTree = "<group>"; };
		001E1E662AC4DD79005EE188 /* CopyDepot.swift */ = {isa = PBXFileReference; lastKnownFileType = sourcecode.swift; path = CopyDepot.swift; sourceTree = "<group>"; };
		001E1E682AC4DEC8005EE188 /* ImageCollectionCopyingView.swift */ = {isa = PBXFileReference; lastKnownFileType = sourcecode.swift; path = ImageCollectionCopyingView.swift; sourceTree = "<group>"; };
		001E7B642AD8394C001EAF72 /* SettingsGeneralView.swift */ = {isa = PBXFileReference; lastKnownFileType = sourcecode.swift; path = SettingsGeneralView.swift; sourceTree = "<group>"; };
		001E7B662AD83A21001EAF72 /* SettingsImportView.swift */ = {isa = PBXFileReference; lastKnownFileType = sourcecode.swift; path = SettingsImportView.swift; sourceTree = "<group>"; };
		002379082B3DFC9F00097BF0 /* Scened.swift */ = {isa = PBXFileReference; lastKnownFileType = sourcecode.swift; path = Scened.swift; sourceTree = "<group>"; };
		002629D12AD59DC700ABFEB6 /* DisplayView.swift */ = {isa = PBXFileReference; lastKnownFileType = sourcecode.swift; path = DisplayView.swift; sourceTree = "<group>"; };
		002FB7742B0BE0F900E930AF /* ImageCollectionBookmarkView.swift */ = {isa = PBXFileReference; lastKnownFileType = sourcecode.swift; path = ImageCollectionBookmarkView.swift; sourceTree = "<group>"; };
		003375192B34EBC800423A58 /* ImageCollectionItemView.swift */ = {isa = PBXFileReference; lastKnownFileType = sourcecode.swift; path = ImageCollectionItemView.swift; sourceTree = "<group>"; };
		003763C82AB4068700D53F2E /* ImageCollectionSidebarView.swift */ = {isa = PBXFileReference; lastKnownFileType = sourcecode.swift; path = ImageCollectionSidebarView.swift; sourceTree = "<group>"; };
		003763CB2AB40FD800D53F2E /* ImageCollectionSidebarEmptyView.swift */ = {isa = PBXFileReference; lastKnownFileType = sourcecode.swift; path = ImageCollectionSidebarEmptyView.swift; sourceTree = "<group>"; };
		003B1EF92B6804AA0046594E /* Collection.swift */ = {isa = PBXFileReference; lastKnownFileType = sourcecode.swift; path = Collection.swift; sourceTree = "<group>"; };
		0042B5DA2AB8C450009F251B /* ImageCollectionCommands.swift */ = {isa = PBXFileReference; lastKnownFileType = sourcecode.swift; path = ImageCollectionCommands.swift; sourceTree = "<group>"; };
		004379D32A77734200246057 /* README.md */ = {isa = PBXFileReference; lastKnownFileType = net.daringfireball.markdown; path = README.md; sourceTree = "<group>"; };
		0043C6042B40E78E0092AB71 /* SettingsExtraView.swift */ = {isa = PBXFileReference; lastKnownFileType = sourcecode.swift; path = SettingsExtraView.swift; sourceTree = "<group>"; };
		004D8FBF2A76C1C900C0303E /* SettingsView.swift */ = {isa = PBXFileReference; lastKnownFileType = sourcecode.swift; path = SettingsView.swift; sourceTree = "<group>"; };
		005608302B6F242E0063DCE2 /* ImageCollectionNewCommands.swift */ = {isa = PBXFileReference; lastKnownFileType = sourcecode.swift; path = ImageCollectionNewCommands.swift; sourceTree = "<group>"; };
		005608322B6F24510063DCE2 /* ImageCollectionExternalCommands.swift */ = {isa = PBXFileReference; lastKnownFileType = sourcecode.swift; path = ImageCollectionExternalCommands.swift; sourceTree = "<group>"; };
		005608342B6F24680063DCE2 /* ImageCollectionEditCommands.swift */ = {isa = PBXFileReference; lastKnownFileType = sourcecode.swift; path = ImageCollectionEditCommands.swift; sourceTree = "<group>"; };
		005608362B6F24810063DCE2 /* ImageCollectionImageCommands.swift */ = {isa = PBXFileReference; lastKnownFileType = sourcecode.swift; path = ImageCollectionImageCommands.swift; sourceTree = "<group>"; };
		005608382B6F24970063DCE2 /* ImageCollectionWindowCommands.swift */ = {isa = PBXFileReference; lastKnownFileType = sourcecode.swift; path = ImageCollectionWindowCommands.swift; sourceTree = "<group>"; };
		0056083B2B6F6BFB0063DCE2 /* SettingsLiveTextSupportViewModifier.swift */ = {isa = PBXFileReference; lastKnownFileType = sourcecode.swift; path = SettingsLiveTextSupportViewModifier.swift; sourceTree = "<group>"; };
		005F7C592B6FDAB800B3FBCB /* AppScene.swift */ = {isa = PBXFileReference; lastKnownFileType = sourcecode.swift; path = AppScene.swift; sourceTree = "<group>"; };
		0077AF912ABB8650002E3FF4 /* Image.swift */ = {isa = PBXFileReference; lastKnownFileType = sourcecode.swift; path = Image.swift; sourceTree = "<group>"; };
		007FDD482A76E1C800A1E42B /* Windowed.swift */ = {isa = PBXFileReference; lastKnownFileType = sourcecode.swift; path = Windowed.swift; sourceTree = "<group>"; };
		00A983A52B47B1F600A8E61C /* View+Key.swift */ = {isa = PBXFileReference; lastKnownFileType = sourcecode.swift; path = "View+Key.swift"; sourceTree = "<group>"; };
		00AE138D2B4C7A2600FE8A5D /* Quartz.swift */ = {isa = PBXFileReference; lastKnownFileType = sourcecode.swift; path = Quartz.swift; sourceTree = "<group>"; };
		00BA40B62B4E353C0022C488 /* Localizable.xcstrings */ = {isa = PBXFileReference; lastKnownFileType = text.json.xcstrings; path = Localizable.xcstrings; sourceTree = "<group>"; };
		00C09BBE2A789D30006EB887 /* View.swift */ = {isa = PBXFileReference; lastKnownFileType = sourcecode.swift; path = View.swift; sourceTree = "<group>"; };
		00C127352A90CF7400B5452C /* LiveTextView.swift */ = {isa = PBXFileReference; lastKnownFileType = sourcecode.swift; path = LiveTextView.swift; sourceTree = "<group>"; };
		00C369522AB766DC0033F10A /* ImageCollection.swift */ = {isa = PBXFileReference; lastKnownFileType = sourcecode.swift; path = ImageCollection.swift; sourceTree = "<group>"; };
		00C712512A7EAF7A009F1802 /* LICENSE */ = {isa = PBXFileReference; lastKnownFileType = text; path = LICENSE; sourceTree = "<group>"; };
		00CBAB562AB23E1F0045FF83 /* ImageCollectionView.swift */ = {isa = PBXFileReference; lastKnownFileType = sourcecode.swift; path = ImageCollectionView.swift; sourceTree = "<group>"; };
		00CBAB592AB23E9C0045FF83 /* ImageCollectionScene.swift */ = {isa = PBXFileReference; lastKnownFileType = sourcecode.swift; path = ImageCollectionScene.swift; sourceTree = "<group>"; };
		00CBAB5B2AB2470C0045FF83 /* ImageCollectionDetailView.swift */ = {isa = PBXFileReference; lastKnownFileType = sourcecode.swift; path = ImageCollectionDetailView.swift; sourceTree = "<group>"; };
		00CC4F402B588DB3009EEC8A /* DisplayImageView.swift */ = {isa = PBXFileReference; lastKnownFileType = sourcecode.swift; path = DisplayImageView.swift; sourceTree = "<group>"; };
		00CF4C8A2B28C0AD0033C95B /* Button.swift */ = {isa = PBXFileReference; lastKnownFileType = sourcecode.swift; path = Button.swift; sourceTree = "<group>"; };
		00D0E1C02B9E68F400624018 /* ImageCollectionNavigatorCommands.swift */ = {isa = PBXFileReference; lastKnownFileType = sourcecode.swift; path = ImageCollectionNavigatorCommands.swift; sourceTree = "<group>"; };
		00D38C302AD73671005505F5 /* ImageCollectionSidebarContentView.swift */ = {isa = PBXFileReference; lastKnownFileType = sourcecode.swift; path = ImageCollectionSidebarContentView.swift; sourceTree = "<group>"; };
		00DC498E2A75B92000161495 /* Info.plist */ = {isa = PBXFileReference; lastKnownFileType = text.plist; path = Info.plist; sourceTree = "<group>"; };
		00E0ECBF2A76A8000030A0DC /* AppDelegate.swift */ = {isa = PBXFileReference; lastKnownFileType = sourcecode.swift; path = AppDelegate.swift; sourceTree = "<group>"; };
		00E42E902B339E0700BC05A7 /* Bookmark.swift */ = {isa = PBXFileReference; lastKnownFileType = sourcecode.swift; path = Bookmark.swift; sourceTree = "<group>"; };
		00E42E982B33A39400BC05A7 /* BookmarkStore.swift */ = {isa = PBXFileReference; lastKnownFileType = sourcecode.swift; path = BookmarkStore.swift; sourceTree = "<group>"; };
		00E42E9A2B33EB8000BC05A7 /* ImageCollectionManager.swift */ = {isa = PBXFileReference; lastKnownFileType = sourcecode.swift; path = ImageCollectionManager.swift; sourceTree = "<group>"; };
		00F75B292B9E220D0021D0A3 /* View+Configuration.swift */ = {isa = PBXFileReference; lastKnownFileType = sourcecode.swift; path = "View+Configuration.swift"; sourceTree = "<group>"; };
		00FD27A02B715111000F38CE /* ImageCollectionQuickLookView.swift */ = {isa = PBXFileReference; lastKnownFileType = sourcecode.swift; path = ImageCollectionQuickLookView.swift; sourceTree = "<group>"; };
/* End PBXFileReference section */

/* Begin PBXFrameworksBuildPhase section */
		001CB5152A718D3C00DBB6FA /* Frameworks */ = {
			isa = PBXFrameworksBuildPhase;
			buildActionMask = 2147483647;
			files = (
				001D8A262B3674DA00A285BD /* Defaults in Frameworks */,
				008815F62B07DC8A00D8F3D8 /* Algorithms in Frameworks */,
				00F9069B2B3F5F0700B0CAE2 /* OrderedCollections in Frameworks */,
			);
			runOnlyForDeploymentPostprocessing = 0;
		};
/* End PBXFrameworksBuildPhase section */

/* Begin PBXGroup section */
		0008556A2A72FECF00309905 /* Views */ = {
			isa = PBXGroup;
			children = (
				00A983A52B47B1F600A8E61C /* View+Key.swift */,
				00F75B292B9E220D0021D0A3 /* View+Configuration.swift */,
				00E0ECBE2A7633100030A0DC /* Scenes */,
				004C319E2B6D435C005BD099 /* Features */,
				00C127322A90925800B5452C /* Legos */,
			);
			path = Views;
			sourceTree = "<group>";
		};
		001CB50F2A718D3C00DBB6FA = {
			isa = PBXGroup;
			children = (
				004379D32A77734200246057 /* README.md */,
				00C712512A7EAF7A009F1802 /* LICENSE */,
				001CB51A2A718D3C00DBB6FA /* Advance */,
				005B45022A8FFE1F00699AF0 /* Documentation */,
				001CB5192A718D3C00DBB6FA /* Products */,
			);
			sourceTree = "<group>";
		};
		001CB5192A718D3C00DBB6FA /* Products */ = {
			isa = PBXGroup;
			children = (
				001CB5182A718D3C00DBB6FA /* Advance.app */,
			);
			name = Products;
			sourceTree = "<group>";
		};
		001CB51A2A718D3C00DBB6FA /* Advance */ = {
			isa = PBXGroup;
			children = (
				000855682A72FE2C00309905 /* AdvanceApp.swift */,
				0008556D2A7306CB00309905 /* Standard.swift */,
				00C09BBE2A789D30006EB887 /* View.swift */,
				001D8D0D2A74AC5400B58790 /* Model.swift */,
				0077AF902ABB8637002E3FF4 /* Standard */,
				00E42E972B33A38000BC05A7 /* Features */,
				0008556A2A72FECF00309905 /* Views */,
				00BE70C62A97BAD800315808 /* Models */,
				00DC498E2A75B92000161495 /* Info.plist */,
				001CB51F2A718D4200DBB6FA /* Assets.xcassets */,
				001CB5242A718D4200DBB6FA /* Advance.entitlements */,
				00BA40B62B4E353C0022C488 /* Localizable.xcstrings */,
			);
			path = Advance;
			sourceTree = "<group>";
		};
		003763CA2AB40FC200D53F2E /* Sidebar */ = {
			isa = PBXGroup;
			children = (
				003763CB2AB40FD800D53F2E /* ImageCollectionSidebarEmptyView.swift */,
				00D38C302AD73671005505F5 /* ImageCollectionSidebarContentView.swift */,
			);
			path = Sidebar;
			sourceTree = "<group>";
		};
		004C319E2B6D435C005BD099 /* Features */ = {
			isa = PBXGroup;
			children = (
				00CBAB562AB23E1F0045FF83 /* ImageCollectionView.swift */,
				004D8FBF2A76C1C900C0303E /* SettingsView.swift */,
				00CBAB582AB23E790045FF83 /* Collection */,
				00FF84982A995B9D007A4C69 /* Settings */,
			);
			path = Features;
			sourceTree = "<group>";
		};
		0056082E2B6F15C20063DCE2 /* Collection */ = {
			isa = PBXGroup;
			children = (
				0042B5DA2AB8C450009F251B /* ImageCollectionCommands.swift */,
				0056082F2B6F241E0063DCE2 /* Commands */,
			);
			path = Collection;
			sourceTree = "<group>";
		};
		0056082F2B6F241E0063DCE2 /* Commands */ = {
			isa = PBXGroup;
			children = (
				005608302B6F242E0063DCE2 /* ImageCollectionNewCommands.swift */,
				005608322B6F24510063DCE2 /* ImageCollectionExternalCommands.swift */,
				005608342B6F24680063DCE2 /* ImageCollectionEditCommands.swift */,
				00D0E1C02B9E68F400624018 /* ImageCollectionNavigatorCommands.swift */,
				005608362B6F24810063DCE2 /* ImageCollectionImageCommands.swift */,
				005608382B6F24970063DCE2 /* ImageCollectionWindowCommands.swift */,
			);
			path = Commands;
			sourceTree = "<group>";
		};
		0056083A2B6F6BC90063DCE2 /* Shared */ = {
			isa = PBXGroup;
			children = (
				001D8A272B36790B00A285BD /* SettingsCopyingView.swift */,
				0056083B2B6F6BFB0063DCE2 /* SettingsLiveTextSupportViewModifier.swift */,
			);
			path = Shared;
			sourceTree = "<group>";
		};
		005B45022A8FFE1F00699AF0 /* Documentation */ = {
			isa = PBXGroup;
			children = (
				009A6D102AD6561400436383 /* Screenshots */,
			);
			path = Documentation;
			sourceTree = "<group>";
		};
		0077AF902ABB8637002E3FF4 /* Standard */ = {
			isa = PBXGroup;
			children = (
				00AE138D2B4C7A2600FE8A5D /* Quartz.swift */,
				00E42E902B339E0700BC05A7 /* Bookmark.swift */,
				0077AF912ABB8650002E3FF4 /* Image.swift */,
				003B1EF92B6804AA0046594E /* Collection.swift */,
			);
			path = Standard;
			sourceTree = "<group>";
		};
		0095D3822B0B0416002925D3 /* Shared */ = {
			isa = PBXGroup;
			children = (
				003375192B34EBC800423A58 /* ImageCollectionItemView.swift */,
				002FB7742B0BE0F900E930AF /* ImageCollectionBookmarkView.swift */,
				001E1E682AC4DEC8005EE188 /* ImageCollectionCopyingView.swift */,
				00FD27A02B715111000F38CE /* ImageCollectionQuickLookView.swift */,
			);
			path = Shared;
			sourceTree = "<group>";
		};
		009A6D102AD6561400436383 /* Screenshots */ = {
			isa = PBXGroup;
			children = (
				001754BB2B6EFB8F00458BB3 /* Children of the Whales.png */,
				001754BA2B6EFB8F00458BB3 /* Wonder Cat Kyuu-chan.png */,
			);
			path = Screenshots;
			sourceTree = "<group>";
		};
		00BE70C62A97BAD800315808 /* Models */ = {
			isa = PBXGroup;
			children = (
				00C369522AB766DC0033F10A /* ImageCollection.swift */,
				00E42E9A2B33EB8000BC05A7 /* ImageCollectionManager.swift */,
				001E1E662AC4DD79005EE188 /* CopyDepot.swift */,
			);
			path = Models;
			sourceTree = "<group>";
		};
		00C127322A90925800B5452C /* Legos */ = {
			isa = PBXGroup;
			children = (
				00CF4C8A2B28C0AD0033C95B /* Button.swift */,
				002629D12AD59DC700ABFEB6 /* DisplayView.swift */,
				00CC4F402B588DB3009EEC8A /* DisplayImageView.swift */,
				00C127352A90CF7400B5452C /* LiveTextView.swift */,
			);
			path = Legos;
			sourceTree = "<group>";
		};
		00CBAB582AB23E790045FF83 /* Collection */ = {
			isa = PBXGroup;
			children = (
				00CBAB5B2AB2470C0045FF83 /* ImageCollectionDetailView.swift */,
				003763C82AB4068700D53F2E /* ImageCollectionSidebarView.swift */,
				003763CA2AB40FC200D53F2E /* Sidebar */,
				0095D3822B0B0416002925D3 /* Shared */,
			);
			path = Collection;
			sourceTree = "<group>";
		};
		00E0ECBE2A7633100030A0DC /* Scenes */ = {
			isa = PBXGroup;
			children = (
				002379082B3DFC9F00097BF0 /* Scened.swift */,
				007FDD482A76E1C800A1E42B /* Windowed.swift */,
				005F7C592B6FDAB800B3FBCB /* AppScene.swift */,
				00E0ECBF2A76A8000030A0DC /* AppDelegate.swift */,
				00CBAB592AB23E9C0045FF83 /* ImageCollectionScene.swift */,
				0056082E2B6F15C20063DCE2 /* Collection */,
			);
			path = Scenes;
			sourceTree = "<group>";
		};
		00E42E972B33A38000BC05A7 /* Features */ = {
			isa = PBXGroup;
			children = (
				00E42E982B33A39400BC05A7 /* BookmarkStore.swift */,
			);
			path = Features;
			sourceTree = "<group>";
		};
		00FF84982A995B9D007A4C69 /* Settings */ = {
			isa = PBXGroup;
			children = (
				001E7B642AD8394C001EAF72 /* SettingsGeneralView.swift */,
				001E7B662AD83A21001EAF72 /* SettingsImportView.swift */,
				0043C6042B40E78E0092AB71 /* SettingsExtraView.swift */,
				0056083A2B6F6BC90063DCE2 /* Shared */,
			);
			path = Settings;
			sourceTree = "<group>";
		};
/* End PBXGroup section */

/* Begin PBXNativeTarget section */
		001CB5172A718D3C00DBB6FA /* Advance */ = {
			isa = PBXNativeTarget;
			buildConfigurationList = 001CB5272A718D4200DBB6FA /* Build configuration list for PBXNativeTarget "Advance" */;
			buildPhases = (
				001CB5142A718D3C00DBB6FA /* Sources */,
				001CB5152A718D3C00DBB6FA /* Frameworks */,
				001CB5162A718D3C00DBB6FA /* Resources */,
			);
			buildRules = (
			);
			dependencies = (
			);
			name = Advance;
			packageProductDependencies = (
				008815F52B07DC8A00D8F3D8 /* Algorithms */,
				001D8A252B3674DA00A285BD /* Defaults */,
				00F9069A2B3F5F0700B0CAE2 /* OrderedCollections */,
			);
			productName = Sequential;
			productReference = 001CB5182A718D3C00DBB6FA /* Advance.app */;
			productType = "com.apple.product-type.application";
		};
/* End PBXNativeTarget section */

/* Begin PBXProject section */
		001CB5102A718D3C00DBB6FA /* Project object */ = {
			isa = PBXProject;
			attributes = {
				BuildIndependentTargetsInParallel = 1;
				LastSwiftUpdateCheck = 1500;
				LastUpgradeCheck = 1510;
				TargetAttributes = {
					001CB5172A718D3C00DBB6FA = {
						CreatedOnToolsVersion = 15.0;
						LastSwiftMigration = 1500;
					};
				};
			};
			buildConfigurationList = 001CB5132A718D3C00DBB6FA /* Build configuration list for PBXProject "Advance" */;
			compatibilityVersion = "Xcode 14.0";
			developmentRegion = en;
			hasScannedForEncodings = 0;
			knownRegions = (
				en,
				Base,
			);
			mainGroup = 001CB50F2A718D3C00DBB6FA;
			packageReferences = (
				008815F42B07DC8A00D8F3D8 /* XCRemoteSwiftPackageReference "swift-algorithms" */,
				001D8A242B3674DA00A285BD /* XCRemoteSwiftPackageReference "Defaults" */,
				00F906992B3F5F0700B0CAE2 /* XCRemoteSwiftPackageReference "swift-collections" */,
			);
			productRefGroup = 001CB5192A718D3C00DBB6FA /* Products */;
			projectDirPath = "";
			projectRoot = "";
			targets = (
				001CB5172A718D3C00DBB6FA /* Advance */,
			);
		};
/* End PBXProject section */

/* Begin PBXResourcesBuildPhase section */
		001CB5162A718D3C00DBB6FA /* Resources */ = {
			isa = PBXResourcesBuildPhase;
			buildActionMask = 2147483647;
			files = (
				00BA40B72B4E353C0022C488 /* Localizable.xcstrings in Resources */,
				001CB5202A718D4200DBB6FA /* Assets.xcassets in Resources */,
			);
			runOnlyForDeploymentPostprocessing = 0;
		};
/* End PBXResourcesBuildPhase section */

/* Begin PBXSourcesBuildPhase section */
		001CB5142A718D3C00DBB6FA /* Sources */ = {
			isa = PBXSourcesBuildPhase;
			buildActionMask = 2147483647;
			files = (
				001D8D0E2A74AC5400B58790 /* Model.swift in Sources */,
				00A983A62B47B1F700A8E61C /* View+Key.swift in Sources */,
				003763C92AB4068700D53F2E /* ImageCollectionSidebarView.swift in Sources */,
				0056083C2B6F6BFB0063DCE2 /* SettingsLiveTextSupportViewModifier.swift in Sources */,
				00CC4F412B588DB3009EEC8A /* DisplayImageView.swift in Sources */,
				004D8FC02A76C1C900C0303E /* SettingsView.swift in Sources */,
				00C369532AB766DC0033F10A /* ImageCollection.swift in Sources */,
				002629D22AD59DC700ABFEB6 /* DisplayView.swift in Sources */,
				00C09BBF2A789D30006EB887 /* View.swift in Sources */,
				002379092B3DFC9F00097BF0 /* Scened.swift in Sources */,
				002FB7752B0BE0F900E930AF /* ImageCollectionBookmarkView.swift in Sources */,
				0008556E2A7306CB00309905 /* Standard.swift in Sources */,
				007FDD492A76E1C800A1E42B /* Windowed.swift in Sources */,
				00F75B2A2B9E220D0021D0A3 /* View+Configuration.swift in Sources */,
				0033751A2B34EBC800423A58 /* ImageCollectionItemView.swift in Sources */,
				00CF4C8B2B28C0AD0033C95B /* Button.swift in Sources */,
				00C127362A90CF7400B5452C /* LiveTextView.swift in Sources */,
				00E0ECC02A76A8000030A0DC /* AppDelegate.swift in Sources */,
				00AE138E2B4C7A2600FE8A5D /* Quartz.swift in Sources */,
				00FD27A12B715111000F38CE /* ImageCollectionQuickLookView.swift in Sources */,
				0077AF922ABB8650002E3FF4 /* Image.swift in Sources */,
				000855692A72FE2C00309905 /* AdvanceApp.swift in Sources */,
				003763CC2AB40FD800D53F2E /* ImageCollectionSidebarEmptyView.swift in Sources */,
				001E1E692AC4DEC8005EE188 /* ImageCollectionCopyingView.swift in Sources */,
				00D0E1C12B9E68F500624018 /* ImageCollectionNavigatorCommands.swift in Sources */,
				00CBAB5C2AB2470C0045FF83 /* ImageCollectionDetailView.swift in Sources */,
				001D8A282B36790B00A285BD /* SettingsCopyingView.swift in Sources */,
				005608392B6F24970063DCE2 /* ImageCollectionWindowCommands.swift in Sources */,
				0042B5DB2AB8C450009F251B /* ImageCollectionCommands.swift in Sources */,
				001E1E672AC4DD79005EE188 /* CopyDepot.swift in Sources */,
				00D38C312AD73672005505F5 /* ImageCollectionSidebarContentView.swift in Sources */,
				003B1EFA2B6804AA0046594E /* Collection.swift in Sources */,
				005608372B6F24810063DCE2 /* ImageCollectionImageCommands.swift in Sources */,
				005608352B6F24680063DCE2 /* ImageCollectionEditCommands.swift in Sources */,
				005608332B6F24510063DCE2 /* ImageCollectionExternalCommands.swift in Sources */,
				005F7C5A2B6FDAB800B3FBCB /* AppScene.swift in Sources */,
				0043C6052B40E78E0092AB71 /* SettingsExtraView.swift in Sources */,
				00CBAB572AB23E1F0045FF83 /* ImageCollectionView.swift in Sources */,
				001E7B672AD83A21001EAF72 /* SettingsImportView.swift in Sources */,
				001E7B652AD8394C001EAF72 /* SettingsGeneralView.swift in Sources */,
				00E42E992B33A39400BC05A7 /* BookmarkStore.swift in Sources */,
				005608312B6F242F0063DCE2 /* ImageCollectionNewCommands.swift in Sources */,
				00E42E9B2B33EB8000BC05A7 /* ImageCollectionManager.swift in Sources */,
				00CBAB5A2AB23E9C0045FF83 /* ImageCollectionScene.swift in Sources */,
				00E42E912B339E0700BC05A7 /* Bookmark.swift in Sources */,
			);
			runOnlyForDeploymentPostprocessing = 0;
		};
/* End PBXSourcesBuildPhase section */

/* Begin XCBuildConfiguration section */
		001CB5252A718D4200DBB6FA /* Debug */ = {
			isa = XCBuildConfiguration;
			buildSettings = {
				ALWAYS_SEARCH_USER_PATHS = NO;
				ASSETCATALOG_COMPILER_GENERATE_SWIFT_ASSET_SYMBOL_EXTENSIONS = YES;
				CLANG_ANALYZER_NONNULL = YES;
				CLANG_ANALYZER_NUMBER_OBJECT_CONVERSION = YES_AGGRESSIVE;
				CLANG_CXX_LANGUAGE_STANDARD = "gnu++20";
				CLANG_ENABLE_MODULES = YES;
				CLANG_ENABLE_OBJC_ARC = YES;
				CLANG_ENABLE_OBJC_WEAK = YES;
				CLANG_TIDY_BUGPRONE_REDUNDANT_BRANCH_CONDITION = YES;
				CLANG_TIDY_MISC_REDUNDANT_EXPRESSION = YES;
				CLANG_WARN_BLOCK_CAPTURE_AUTORELEASING = YES;
				CLANG_WARN_BOOL_CONVERSION = YES;
				CLANG_WARN_COMMA = YES;
				CLANG_WARN_CONSTANT_CONVERSION = YES;
				CLANG_WARN_DEPRECATED_OBJC_IMPLEMENTATIONS = YES;
				CLANG_WARN_DIRECT_OBJC_ISA_USAGE = YES_ERROR;
				CLANG_WARN_DOCUMENTATION_COMMENTS = YES;
				CLANG_WARN_EMPTY_BODY = YES;
				CLANG_WARN_ENUM_CONVERSION = YES;
				CLANG_WARN_INFINITE_RECURSION = YES;
				CLANG_WARN_INT_CONVERSION = YES;
				CLANG_WARN_NON_LITERAL_NULL_CONVERSION = YES;
				CLANG_WARN_OBJC_IMPLICIT_RETAIN_SELF = YES;
				CLANG_WARN_OBJC_LITERAL_CONVERSION = YES;
				CLANG_WARN_OBJC_ROOT_CLASS = YES_ERROR;
				CLANG_WARN_QUOTED_INCLUDE_IN_FRAMEWORK_HEADER = YES;
				CLANG_WARN_RANGE_LOOP_ANALYSIS = YES;
				CLANG_WARN_STRICT_PROTOTYPES = YES;
				CLANG_WARN_SUSPICIOUS_MOVE = YES;
				CLANG_WARN_UNGUARDED_AVAILABILITY = YES_AGGRESSIVE;
				CLANG_WARN_UNREACHABLE_CODE = YES;
				CLANG_WARN__DUPLICATE_METHOD_MATCH = YES;
				COPY_PHASE_STRIP = NO;
				DEAD_CODE_STRIPPING = YES;
				DEBUG_INFORMATION_FORMAT = dwarf;
				ENABLE_STRICT_OBJC_MSGSEND = YES;
				ENABLE_TESTABILITY = YES;
				ENABLE_USER_SCRIPT_SANDBOXING = YES;
				GCC_C_LANGUAGE_STANDARD = gnu17;
				GCC_DYNAMIC_NO_PIC = NO;
				GCC_NO_COMMON_BLOCKS = YES;
				GCC_OPTIMIZATION_LEVEL = 0;
				GCC_PREPROCESSOR_DEFINITIONS = (
					"DEBUG=1",
					"$(inherited)",
				);
				GCC_WARN_64_TO_32_BIT_CONVERSION = YES;
				GCC_WARN_ABOUT_RETURN_TYPE = YES_ERROR;
				GCC_WARN_UNDECLARED_SELECTOR = YES;
				GCC_WARN_UNINITIALIZED_AUTOS = YES_AGGRESSIVE;
				GCC_WARN_UNUSED_FUNCTION = YES;
				GCC_WARN_UNUSED_VARIABLE = YES;
				LOCALIZATION_PREFERS_STRING_CATALOGS = YES;
				MACOSX_DEPLOYMENT_TARGET = 14.0;
				MERGED_BINARY_TYPE = automatic;
				MTL_ENABLE_DEBUG_INFO = INCLUDE_SOURCE;
				MTL_FAST_MATH = YES;
				ONLY_ACTIVE_ARCH = YES;
				SDKROOT = macosx;
				SWIFT_ACTIVE_COMPILATION_CONDITIONS = "DEBUG $(inherited)";
				SWIFT_OPTIMIZATION_LEVEL = "-Onone";
			};
			name = Debug;
		};
		001CB5262A718D4200DBB6FA /* Release */ = {
			isa = XCBuildConfiguration;
			buildSettings = {
				ALWAYS_SEARCH_USER_PATHS = NO;
				ASSETCATALOG_COMPILER_GENERATE_SWIFT_ASSET_SYMBOL_EXTENSIONS = YES;
				CLANG_ANALYZER_NONNULL = YES;
				CLANG_ANALYZER_NUMBER_OBJECT_CONVERSION = YES_AGGRESSIVE;
				CLANG_CXX_LANGUAGE_STANDARD = "gnu++20";
				CLANG_ENABLE_MODULES = YES;
				CLANG_ENABLE_OBJC_ARC = YES;
				CLANG_ENABLE_OBJC_WEAK = YES;
				CLANG_TIDY_BUGPRONE_REDUNDANT_BRANCH_CONDITION = YES;
				CLANG_TIDY_MISC_REDUNDANT_EXPRESSION = YES;
				CLANG_WARN_BLOCK_CAPTURE_AUTORELEASING = YES;
				CLANG_WARN_BOOL_CONVERSION = YES;
				CLANG_WARN_COMMA = YES;
				CLANG_WARN_CONSTANT_CONVERSION = YES;
				CLANG_WARN_DEPRECATED_OBJC_IMPLEMENTATIONS = YES;
				CLANG_WARN_DIRECT_OBJC_ISA_USAGE = YES_ERROR;
				CLANG_WARN_DOCUMENTATION_COMMENTS = YES;
				CLANG_WARN_EMPTY_BODY = YES;
				CLANG_WARN_ENUM_CONVERSION = YES;
				CLANG_WARN_INFINITE_RECURSION = YES;
				CLANG_WARN_INT_CONVERSION = YES;
				CLANG_WARN_NON_LITERAL_NULL_CONVERSION = YES;
				CLANG_WARN_OBJC_IMPLICIT_RETAIN_SELF = YES;
				CLANG_WARN_OBJC_LITERAL_CONVERSION = YES;
				CLANG_WARN_OBJC_ROOT_CLASS = YES_ERROR;
				CLANG_WARN_QUOTED_INCLUDE_IN_FRAMEWORK_HEADER = YES;
				CLANG_WARN_RANGE_LOOP_ANALYSIS = YES;
				CLANG_WARN_STRICT_PROTOTYPES = YES;
				CLANG_WARN_SUSPICIOUS_MOVE = YES;
				CLANG_WARN_UNGUARDED_AVAILABILITY = YES_AGGRESSIVE;
				CLANG_WARN_UNREACHABLE_CODE = YES;
				CLANG_WARN__DUPLICATE_METHOD_MATCH = YES;
				COPY_PHASE_STRIP = NO;
				DEAD_CODE_STRIPPING = YES;
				DEBUG_INFORMATION_FORMAT = "dwarf-with-dsym";
				ENABLE_NS_ASSERTIONS = NO;
				ENABLE_STRICT_OBJC_MSGSEND = YES;
				ENABLE_USER_SCRIPT_SANDBOXING = YES;
				GCC_C_LANGUAGE_STANDARD = gnu17;
				GCC_NO_COMMON_BLOCKS = YES;
				GCC_WARN_64_TO_32_BIT_CONVERSION = YES;
				GCC_WARN_ABOUT_RETURN_TYPE = YES_ERROR;
				GCC_WARN_UNDECLARED_SELECTOR = YES;
				GCC_WARN_UNINITIALIZED_AUTOS = YES_AGGRESSIVE;
				GCC_WARN_UNUSED_FUNCTION = YES;
				GCC_WARN_UNUSED_VARIABLE = YES;
				LOCALIZATION_PREFERS_STRING_CATALOGS = YES;
				MACOSX_DEPLOYMENT_TARGET = 14.0;
				MERGED_BINARY_TYPE = automatic;
				MTL_ENABLE_DEBUG_INFO = NO;
				MTL_FAST_MATH = YES;
				SDKROOT = macosx;
				SWIFT_COMPILATION_MODE = wholemodule;
			};
			name = Release;
		};
		001CB5282A718D4200DBB6FA /* Debug */ = {
			isa = XCBuildConfiguration;
			buildSettings = {
				ASSETCATALOG_COMPILER_APPICON_NAME = AppIcon;
				ASSETCATALOG_COMPILER_GLOBAL_ACCENT_COLOR_NAME = AccentColor;
				CLANG_ENABLE_MODULES = YES;
				CODE_SIGN_ENTITLEMENTS = Advance/Advance.entitlements;
				"CODE_SIGN_IDENTITY[sdk=macosx*]" = "Apple Development";
				CODE_SIGN_STYLE = Automatic;
				COMBINE_HIDPI_IMAGES = YES;
				CURRENT_PROJECT_VERSION = 9;
				DEAD_CODE_STRIPPING = YES;
				DEBUG_INFORMATION_FORMAT = dwarf;
				DEVELOPMENT_TEAM = UYJ357XWK6;
				ENABLE_HARDENED_RUNTIME = YES;
				ENABLE_USER_SELECTED_FILES = "";
				GENERATE_INFOPLIST_FILE = YES;
				INFOPLIST_FILE = Advance/Info.plist;
				INFOPLIST_KEY_LSApplicationCategoryType = "public.app-category.utilities";
				INFOPLIST_KEY_NSHumanReadableCopyright = "";
				INFOPLIST_KEY_NSMainStoryboardFile = "";
				LD_RUNPATH_SEARCH_PATHS = (
					"$(inherited)",
					"@executable_path/../Frameworks",
				);
				MARKETING_VERSION = 0.4.1;
				MERGED_BINARY_TYPE = automatic;
				PRODUCT_BUNDLE_IDENTIFIER = com.kyleerhabor.Advance;
				PRODUCT_NAME = "$(TARGET_NAME)";
				SWIFT_EMIT_LOC_STRINGS = YES;
				SWIFT_OPTIMIZATION_LEVEL = "-Onone";
				SWIFT_VERSION = 5.0;
			};
			name = Debug;
		};
		001CB5292A718D4200DBB6FA /* Release */ = {
			isa = XCBuildConfiguration;
			buildSettings = {
				ASSETCATALOG_COMPILER_APPICON_NAME = AppIcon;
				ASSETCATALOG_COMPILER_GLOBAL_ACCENT_COLOR_NAME = AccentColor;
				CLANG_ENABLE_MODULES = YES;
				CODE_SIGN_ENTITLEMENTS = Advance/Advance.entitlements;
				"CODE_SIGN_IDENTITY[sdk=macosx*]" = "Apple Development";
				CODE_SIGN_STYLE = Automatic;
				COMBINE_HIDPI_IMAGES = YES;
				CURRENT_PROJECT_VERSION = 9;
				DEAD_CODE_STRIPPING = YES;
				DEVELOPMENT_TEAM = UYJ357XWK6;
				ENABLE_HARDENED_RUNTIME = YES;
				ENABLE_USER_SELECTED_FILES = "";
				GENERATE_INFOPLIST_FILE = YES;
				INFOPLIST_FILE = Advance/Info.plist;
				INFOPLIST_KEY_LSApplicationCategoryType = "public.app-category.utilities";
				INFOPLIST_KEY_NSHumanReadableCopyright = "";
				INFOPLIST_KEY_NSMainStoryboardFile = "";
				LD_RUNPATH_SEARCH_PATHS = (
					"$(inherited)",
					"@executable_path/../Frameworks",
				);
				MARKETING_VERSION = 0.4.1;
				MERGED_BINARY_TYPE = automatic;
				PRODUCT_BUNDLE_IDENTIFIER = com.kyleerhabor.Advance;
				PRODUCT_NAME = "$(TARGET_NAME)";
				SWIFT_DISABLE_SAFETY_CHECKS = NO;
				SWIFT_EMIT_LOC_STRINGS = YES;
				SWIFT_OPTIMIZATION_LEVEL = "-O";
				SWIFT_VERSION = 5.0;
			};
			name = Release;
		};
/* End XCBuildConfiguration section */

/* Begin XCConfigurationList section */
		001CB5132A718D3C00DBB6FA /* Build configuration list for PBXProject "Advance" */ = {
			isa = XCConfigurationList;
			buildConfigurations = (
				001CB5252A718D4200DBB6FA /* Debug */,
				001CB5262A718D4200DBB6FA /* Release */,
			);
			defaultConfigurationIsVisible = 0;
			defaultConfigurationName = Release;
		};
		001CB5272A718D4200DBB6FA /* Build configuration list for PBXNativeTarget "Advance" */ = {
			isa = XCConfigurationList;
			buildConfigurations = (
				001CB5282A718D4200DBB6FA /* Debug */,
				001CB5292A718D4200DBB6FA /* Release */,
			);
			defaultConfigurationIsVisible = 0;
			defaultConfigurationName = Release;
		};
/* End XCConfigurationList section */

/* Begin XCRemoteSwiftPackageReference section */
		001D8A242B3674DA00A285BD /* XCRemoteSwiftPackageReference "Defaults" */ = {
			isa = XCRemoteSwiftPackageReference;
			repositoryURL = "https://github.com/sindresorhus/Defaults";
			requirement = {
				kind = exactVersion;
				version = 8.0.0;
			};
		};
		008815F42B07DC8A00D8F3D8 /* XCRemoteSwiftPackageReference "swift-algorithms" */ = {
			isa = XCRemoteSwiftPackageReference;
			repositoryURL = "https://github.com/apple/swift-algorithms.git";
			requirement = {
				kind = exactVersion;
				version = 1.2.0;
			};
		};
		00F906992B3F5F0700B0CAE2 /* XCRemoteSwiftPackageReference "swift-collections" */ = {
			isa = XCRemoteSwiftPackageReference;
			repositoryURL = "https://github.com/apple/swift-collections/";
			requirement = {
				kind = exactVersion;
				version = 1.0.6;
			};
		};
/* End XCRemoteSwiftPackageReference section */

/* Begin XCSwiftPackageProductDependency section */
		001D8A252B3674DA00A285BD /* Defaults */ = {
			isa = XCSwiftPackageProductDependency;
			package = 001D8A242B3674DA00A285BD /* XCRemoteSwiftPackageReference "Defaults" */;
			productName = Defaults;
		};
		008815F52B07DC8A00D8F3D8 /* Algorithms */ = {
			isa = XCSwiftPackageProductDependency;
			package = 008815F42B07DC8A00D8F3D8 /* XCRemoteSwiftPackageReference "swift-algorithms" */;
			productName = Algorithms;
		};
		00F9069A2B3F5F0700B0CAE2 /* OrderedCollections */ = {
			isa = XCSwiftPackageProductDependency;
			package = 00F906992B3F5F0700B0CAE2 /* XCRemoteSwiftPackageReference "swift-collections" */;
			productName = OrderedCollections;
		};
/* End XCSwiftPackageProductDependency section */
	};
	rootObject = 001CB5102A718D3C00DBB6FA /* Project object */;
}
