// !$*UTF8*$!
{
	archiveVersion = 1;
	classes = {
	};
	objectVersion = 56;
	objects = {

/* Begin PBXBuildFile section */
		000855692A72FE2C00309905 /* SequentialApp.swift in Sources */ = {isa = PBXBuildFile; fileRef = 000855682A72FE2C00309905 /* SequentialApp.swift */; };
		0008556E2A7306CB00309905 /* Standard.swift in Sources */ = {isa = PBXBuildFile; fileRef = 0008556D2A7306CB00309905 /* Standard.swift */; };
		001483392A86D4C50040E5CB /* SequenceSidebarView.swift in Sources */ = {isa = PBXBuildFile; fileRef = 001483382A86D4C50040E5CB /* SequenceSidebarView.swift */; };
		001CB5202A718D4200DBB6FA /* Assets.xcassets in Resources */ = {isa = PBXBuildFile; fileRef = 001CB51F2A718D4200DBB6FA /* Assets.xcassets */; };
		001D8D0E2A74AC5400B58790 /* Model.swift in Sources */ = {isa = PBXBuildFile; fileRef = 001D8D0D2A74AC5400B58790 /* Model.swift */; };
		004D8FC02A76C1C900C0303E /* SettingsView.swift in Sources */ = {isa = PBXBuildFile; fileRef = 004D8FBF2A76C1C900C0303E /* SettingsView.swift */; };
		005040402A96FCCD001C66B9 /* KeyMonitorViewModifier.swift in Sources */ = {isa = PBXBuildFile; fileRef = 0050403F2A96FCCD001C66B9 /* KeyMonitorViewModifier.swift */; };
		007FDD492A76E1C800A1E42B /* WindowViewModifier.swift in Sources */ = {isa = PBXBuildFile; fileRef = 007FDD482A76E1C800A1E42B /* WindowViewModifier.swift */; };
		00823A9B2A86CA050043B8BE /* SequenceScene.swift in Sources */ = {isa = PBXBuildFile; fileRef = 00823A9A2A86CA050043B8BE /* SequenceScene.swift */; };
		008C3CE82A952E7A00119707 /* SequenceInspectorView.swift in Sources */ = {isa = PBXBuildFile; fileRef = 008C3CE72A952E7A00119707 /* SequenceInspectorView.swift */; };
		008EA2192A886C260005AB44 /* SequenceSidebarContentView.swift in Sources */ = {isa = PBXBuildFile; fileRef = 008EA2172A886C260005AB44 /* SequenceSidebarContentView.swift */; };
		008EA21A2A886C260005AB44 /* SequenceSidebarEmptyView.swift in Sources */ = {isa = PBXBuildFile; fileRef = 008EA2182A886C260005AB44 /* SequenceSidebarEmptyView.swift */; };
		00C09BBF2A789D30006EB887 /* View.swift in Sources */ = {isa = PBXBuildFile; fileRef = 00C09BBE2A789D30006EB887 /* View.swift */; };
		00C127342A90927E00B5452C /* DisplayImageView.swift in Sources */ = {isa = PBXBuildFile; fileRef = 00C127332A90927E00B5452C /* DisplayImageView.swift */; };
		00C127362A90CF7400B5452C /* LiveTextView.swift in Sources */ = {isa = PBXBuildFile; fileRef = 00C127352A90CF7400B5452C /* LiveTextView.swift */; };
		00CE2C052A7373D90059F073 /* SequenceView.swift in Sources */ = {isa = PBXBuildFile; fileRef = 00CE2C042A7373D90059F073 /* SequenceView.swift */; };
		00E0ECC02A76A8000030A0DC /* AppDelegate.swift in Sources */ = {isa = PBXBuildFile; fileRef = 00E0ECBF2A76A8000030A0DC /* AppDelegate.swift */; };
		00FC65412A845E67009982A1 /* SequenceDetailView.swift in Sources */ = {isa = PBXBuildFile; fileRef = 00FC65402A845E67009982A1 /* SequenceDetailView.swift */; };
/* End PBXBuildFile section */

/* Begin PBXFileReference section */
		000855682A72FE2C00309905 /* SequentialApp.swift */ = {isa = PBXFileReference; lastKnownFileType = sourcecode.swift; path = SequentialApp.swift; sourceTree = "<group>"; };
		0008556D2A7306CB00309905 /* Standard.swift */ = {isa = PBXFileReference; lastKnownFileType = sourcecode.swift; path = Standard.swift; sourceTree = "<group>"; };
		001483382A86D4C50040E5CB /* SequenceSidebarView.swift */ = {isa = PBXFileReference; fileEncoding = 4; lastKnownFileType = sourcecode.swift; path = SequenceSidebarView.swift; sourceTree = "<group>"; };
		001CB5182A718D3C00DBB6FA /* Sequential.app */ = {isa = PBXFileReference; explicitFileType = wrapper.application; includeInIndex = 0; path = Sequential.app; sourceTree = BUILT_PRODUCTS_DIR; };
		001CB51F2A718D4200DBB6FA /* Assets.xcassets */ = {isa = PBXFileReference; lastKnownFileType = folder.assetcatalog; path = Assets.xcassets; sourceTree = "<group>"; };
		001CB5242A718D4200DBB6FA /* Sequential.entitlements */ = {isa = PBXFileReference; lastKnownFileType = text.plist.entitlements; path = Sequential.entitlements; sourceTree = "<group>"; };
		001D8D0D2A74AC5400B58790 /* Model.swift */ = {isa = PBXFileReference; lastKnownFileType = sourcecode.swift; path = Model.swift; sourceTree = "<group>"; };
		004379D32A77734200246057 /* README.md */ = {isa = PBXFileReference; lastKnownFileType = net.daringfireball.markdown; path = README.md; sourceTree = "<group>"; };
		004D8FBF2A76C1C900C0303E /* SettingsView.swift */ = {isa = PBXFileReference; lastKnownFileType = sourcecode.swift; path = SettingsView.swift; sourceTree = "<group>"; };
		0050403F2A96FCCD001C66B9 /* KeyMonitorViewModifier.swift */ = {isa = PBXFileReference; lastKnownFileType = sourcecode.swift; path = KeyMonitorViewModifier.swift; sourceTree = "<group>"; };
		005B45052A90051400699AF0 /* Screenshot.png */ = {isa = PBXFileReference; lastKnownFileType = image.png; path = Screenshot.png; sourceTree = "<group>"; };
		007FDD482A76E1C800A1E42B /* WindowViewModifier.swift */ = {isa = PBXFileReference; lastKnownFileType = sourcecode.swift; path = WindowViewModifier.swift; sourceTree = "<group>"; };
		00823A9A2A86CA050043B8BE /* SequenceScene.swift */ = {isa = PBXFileReference; fileEncoding = 4; lastKnownFileType = sourcecode.swift; path = SequenceScene.swift; sourceTree = "<group>"; };
		008C3CE72A952E7A00119707 /* SequenceInspectorView.swift */ = {isa = PBXFileReference; lastKnownFileType = sourcecode.swift; path = SequenceInspectorView.swift; sourceTree = "<group>"; };
		008EA2172A886C260005AB44 /* SequenceSidebarContentView.swift */ = {isa = PBXFileReference; fileEncoding = 4; lastKnownFileType = sourcecode.swift; path = SequenceSidebarContentView.swift; sourceTree = "<group>"; };
		008EA2182A886C260005AB44 /* SequenceSidebarEmptyView.swift */ = {isa = PBXFileReference; fileEncoding = 4; lastKnownFileType = sourcecode.swift; path = SequenceSidebarEmptyView.swift; sourceTree = "<group>"; };
		00C09BBE2A789D30006EB887 /* View.swift */ = {isa = PBXFileReference; lastKnownFileType = sourcecode.swift; path = View.swift; sourceTree = "<group>"; };
		00C127332A90927E00B5452C /* DisplayImageView.swift */ = {isa = PBXFileReference; lastKnownFileType = sourcecode.swift; path = DisplayImageView.swift; sourceTree = "<group>"; };
		00C127352A90CF7400B5452C /* LiveTextView.swift */ = {isa = PBXFileReference; lastKnownFileType = sourcecode.swift; path = LiveTextView.swift; sourceTree = "<group>"; };
		00C712512A7EAF7A009F1802 /* LICENSE */ = {isa = PBXFileReference; lastKnownFileType = text; path = LICENSE; sourceTree = "<group>"; };
		00CE2C042A7373D90059F073 /* SequenceView.swift */ = {isa = PBXFileReference; lastKnownFileType = sourcecode.swift; path = SequenceView.swift; sourceTree = "<group>"; };
		00DC498E2A75B92000161495 /* Info.plist */ = {isa = PBXFileReference; lastKnownFileType = text.plist; path = Info.plist; sourceTree = "<group>"; };
		00E0ECBF2A76A8000030A0DC /* AppDelegate.swift */ = {isa = PBXFileReference; lastKnownFileType = sourcecode.swift; path = AppDelegate.swift; sourceTree = "<group>"; };
		00FC65402A845E67009982A1 /* SequenceDetailView.swift */ = {isa = PBXFileReference; lastKnownFileType = sourcecode.swift; path = SequenceDetailView.swift; sourceTree = "<group>"; };
/* End PBXFileReference section */

/* Begin PBXFrameworksBuildPhase section */
		001CB5152A718D3C00DBB6FA /* Frameworks */ = {
			isa = PBXFrameworksBuildPhase;
			buildActionMask = 2147483647;
			files = (
			);
			runOnlyForDeploymentPostprocessing = 0;
		};
/* End PBXFrameworksBuildPhase section */

/* Begin PBXGroup section */
		0008556A2A72FECF00309905 /* Views */ = {
			isa = PBXGroup;
			children = (
				00CE2C042A7373D90059F073 /* SequenceView.swift */,
				004D8FBF2A76C1C900C0303E /* SettingsView.swift */,
				00E0ECBF2A76A8000030A0DC /* AppDelegate.swift */,
				00E0ECBE2A7633100030A0DC /* Scenes */,
				00FC653F2A845E50009982A1 /* Sequence */,
				00C127322A90925800B5452C /* Legos */,
			);
			path = Views;
			sourceTree = "<group>";
		};
		000A43BE2A885E99001DAC0A /* Sidebar */ = {
			isa = PBXGroup;
			children = (
				008EA2172A886C260005AB44 /* SequenceSidebarContentView.swift */,
				008EA2182A886C260005AB44 /* SequenceSidebarEmptyView.swift */,
			);
			path = Sidebar;
			sourceTree = "<group>";
		};
		001CB50F2A718D3C00DBB6FA = {
			isa = PBXGroup;
			children = (
				004379D32A77734200246057 /* README.md */,
				00C712512A7EAF7A009F1802 /* LICENSE */,
				001CB51A2A718D3C00DBB6FA /* Sequential */,
				005B45022A8FFE1F00699AF0 /* Documentation */,
				001CB5192A718D3C00DBB6FA /* Products */,
			);
			sourceTree = "<group>";
		};
		001CB5192A718D3C00DBB6FA /* Products */ = {
			isa = PBXGroup;
			children = (
				001CB5182A718D3C00DBB6FA /* Sequential.app */,
			);
			name = Products;
			sourceTree = "<group>";
		};
		001CB51A2A718D3C00DBB6FA /* Sequential */ = {
			isa = PBXGroup;
			children = (
				000855682A72FE2C00309905 /* SequentialApp.swift */,
				0008556D2A7306CB00309905 /* Standard.swift */,
				00C09BBE2A789D30006EB887 /* View.swift */,
				001D8D0D2A74AC5400B58790 /* Model.swift */,
				0008556A2A72FECF00309905 /* Views */,
				00DC498E2A75B92000161495 /* Info.plist */,
				001CB51F2A718D4200DBB6FA /* Assets.xcassets */,
				001CB5242A718D4200DBB6FA /* Sequential.entitlements */,
			);
			path = Sequential;
			sourceTree = "<group>";
		};
		005B45022A8FFE1F00699AF0 /* Documentation */ = {
			isa = PBXGroup;
			children = (
				005B45052A90051400699AF0 /* Screenshot.png */,
			);
			path = Documentation;
			sourceTree = "<group>";
		};
		00C127322A90925800B5452C /* Legos */ = {
			isa = PBXGroup;
			children = (
				00C127332A90927E00B5452C /* DisplayImageView.swift */,
				00C127352A90CF7400B5452C /* LiveTextView.swift */,
				0050403F2A96FCCD001C66B9 /* KeyMonitorViewModifier.swift */,
			);
			path = Legos;
			sourceTree = "<group>";
		};
		00E0ECBE2A7633100030A0DC /* Scenes */ = {
			isa = PBXGroup;
			children = (
				00823A9A2A86CA050043B8BE /* SequenceScene.swift */,
				007FDD482A76E1C800A1E42B /* WindowViewModifier.swift */,
			);
			path = Scenes;
			sourceTree = "<group>";
		};
		00FC653F2A845E50009982A1 /* Sequence */ = {
			isa = PBXGroup;
			children = (
				00FC65402A845E67009982A1 /* SequenceDetailView.swift */,
				008C3CE72A952E7A00119707 /* SequenceInspectorView.swift */,
				001483382A86D4C50040E5CB /* SequenceSidebarView.swift */,
				000A43BE2A885E99001DAC0A /* Sidebar */,
			);
			path = Sequence;
			sourceTree = "<group>";
		};
/* End PBXGroup section */

/* Begin PBXNativeTarget section */
		001CB5172A718D3C00DBB6FA /* Sequential */ = {
			isa = PBXNativeTarget;
			buildConfigurationList = 001CB5272A718D4200DBB6FA /* Build configuration list for PBXNativeTarget "Sequential" */;
			buildPhases = (
				001CB5142A718D3C00DBB6FA /* Sources */,
				001CB5152A718D3C00DBB6FA /* Frameworks */,
				001CB5162A718D3C00DBB6FA /* Resources */,
			);
			buildRules = (
			);
			dependencies = (
			);
			name = Sequential;
			packageProductDependencies = (
			);
			productName = Sequential;
			productReference = 001CB5182A718D3C00DBB6FA /* Sequential.app */;
			productType = "com.apple.product-type.application";
		};
/* End PBXNativeTarget section */

/* Begin PBXProject section */
		001CB5102A718D3C00DBB6FA /* Project object */ = {
			isa = PBXProject;
			attributes = {
				BuildIndependentTargetsInParallel = 1;
				LastSwiftUpdateCheck = 1500;
				LastUpgradeCheck = 1500;
				TargetAttributes = {
					001CB5172A718D3C00DBB6FA = {
						CreatedOnToolsVersion = 15.0;
						LastSwiftMigration = 1500;
					};
				};
			};
			buildConfigurationList = 001CB5132A718D3C00DBB6FA /* Build configuration list for PBXProject "Sequential" */;
			compatibilityVersion = "Xcode 14.0";
			developmentRegion = en;
			hasScannedForEncodings = 0;
			knownRegions = (
				en,
				Base,
			);
			mainGroup = 001CB50F2A718D3C00DBB6FA;
			packageReferences = (
			);
			productRefGroup = 001CB5192A718D3C00DBB6FA /* Products */;
			projectDirPath = "";
			projectRoot = "";
			targets = (
				001CB5172A718D3C00DBB6FA /* Sequential */,
			);
		};
/* End PBXProject section */

/* Begin PBXResourcesBuildPhase section */
		001CB5162A718D3C00DBB6FA /* Resources */ = {
			isa = PBXResourcesBuildPhase;
			buildActionMask = 2147483647;
			files = (
				001CB5202A718D4200DBB6FA /* Assets.xcassets in Resources */,
			);
			runOnlyForDeploymentPostprocessing = 0;
		};
/* End PBXResourcesBuildPhase section */

/* Begin PBXSourcesBuildPhase section */
		001CB5142A718D3C00DBB6FA /* Sources */ = {
			isa = PBXSourcesBuildPhase;
			buildActionMask = 2147483647;
			files = (
				001D8D0E2A74AC5400B58790 /* Model.swift in Sources */,
				008C3CE82A952E7A00119707 /* SequenceInspectorView.swift in Sources */,
				004D8FC02A76C1C900C0303E /* SettingsView.swift in Sources */,
				008EA21A2A886C260005AB44 /* SequenceSidebarEmptyView.swift in Sources */,
				00C09BBF2A789D30006EB887 /* View.swift in Sources */,
				0008556E2A7306CB00309905 /* Standard.swift in Sources */,
				005040402A96FCCD001C66B9 /* KeyMonitorViewModifier.swift in Sources */,
				007FDD492A76E1C800A1E42B /* WindowViewModifier.swift in Sources */,
				00FC65412A845E67009982A1 /* SequenceDetailView.swift in Sources */,
				00C127362A90CF7400B5452C /* LiveTextView.swift in Sources */,
				00CE2C052A7373D90059F073 /* SequenceView.swift in Sources */,
				00E0ECC02A76A8000030A0DC /* AppDelegate.swift in Sources */,
				000855692A72FE2C00309905 /* SequentialApp.swift in Sources */,
				00C127342A90927E00B5452C /* DisplayImageView.swift in Sources */,
				00823A9B2A86CA050043B8BE /* SequenceScene.swift in Sources */,
				008EA2192A886C260005AB44 /* SequenceSidebarContentView.swift in Sources */,
				001483392A86D4C50040E5CB /* SequenceSidebarView.swift in Sources */,
			);
			runOnlyForDeploymentPostprocessing = 0;
		};
/* End PBXSourcesBuildPhase section */

/* Begin XCBuildConfiguration section */
		001CB5252A718D4200DBB6FA /* Debug */ = {
			isa = XCBuildConfiguration;
			buildSettings = {
				ALWAYS_SEARCH_USER_PATHS = NO;
				ASSETCATALOG_COMPILER_GENERATE_SWIFT_ASSET_SYMBOL_EXTENSIONS = YES;
				CLANG_ANALYZER_NONNULL = YES;
				CLANG_ANALYZER_NUMBER_OBJECT_CONVERSION = YES_AGGRESSIVE;
				CLANG_CXX_LANGUAGE_STANDARD = "gnu++20";
				CLANG_ENABLE_MODULES = YES;
				CLANG_ENABLE_OBJC_ARC = YES;
				CLANG_ENABLE_OBJC_WEAK = YES;
				CLANG_WARN_BLOCK_CAPTURE_AUTORELEASING = YES;
				CLANG_WARN_BOOL_CONVERSION = YES;
				CLANG_WARN_COMMA = YES;
				CLANG_WARN_CONSTANT_CONVERSION = YES;
				CLANG_WARN_DEPRECATED_OBJC_IMPLEMENTATIONS = YES;
				CLANG_WARN_DIRECT_OBJC_ISA_USAGE = YES_ERROR;
				CLANG_WARN_DOCUMENTATION_COMMENTS = YES;
				CLANG_WARN_EMPTY_BODY = YES;
				CLANG_WARN_ENUM_CONVERSION = YES;
				CLANG_WARN_INFINITE_RECURSION = YES;
				CLANG_WARN_INT_CONVERSION = YES;
				CLANG_WARN_NON_LITERAL_NULL_CONVERSION = YES;
				CLANG_WARN_OBJC_IMPLICIT_RETAIN_SELF = YES;
				CLANG_WARN_OBJC_LITERAL_CONVERSION = YES;
				CLANG_WARN_OBJC_ROOT_CLASS = YES_ERROR;
				CLANG_WARN_QUOTED_INCLUDE_IN_FRAMEWORK_HEADER = YES;
				CLANG_WARN_RANGE_LOOP_ANALYSIS = YES;
				CLANG_WARN_STRICT_PROTOTYPES = YES;
				CLANG_WARN_SUSPICIOUS_MOVE = YES;
				CLANG_WARN_UNGUARDED_AVAILABILITY = YES_AGGRESSIVE;
				CLANG_WARN_UNREACHABLE_CODE = YES;
				CLANG_WARN__DUPLICATE_METHOD_MATCH = YES;
				COPY_PHASE_STRIP = NO;
				DEBUG_INFORMATION_FORMAT = dwarf;
				ENABLE_STRICT_OBJC_MSGSEND = YES;
				ENABLE_TESTABILITY = YES;
				ENABLE_USER_SCRIPT_SANDBOXING = YES;
				GCC_C_LANGUAGE_STANDARD = gnu17;
				GCC_DYNAMIC_NO_PIC = NO;
				GCC_NO_COMMON_BLOCKS = YES;
				GCC_OPTIMIZATION_LEVEL = 0;
				GCC_PREPROCESSOR_DEFINITIONS = (
					"DEBUG=1",
					"$(inherited)",
				);
				GCC_WARN_64_TO_32_BIT_CONVERSION = YES;
				GCC_WARN_ABOUT_RETURN_TYPE = YES_ERROR;
				GCC_WARN_UNDECLARED_SELECTOR = YES;
				GCC_WARN_UNINITIALIZED_AUTOS = YES_AGGRESSIVE;
				GCC_WARN_UNUSED_FUNCTION = YES;
				GCC_WARN_UNUSED_VARIABLE = YES;
				LOCALIZATION_PREFERS_STRING_CATALOGS = YES;
				MACOSX_DEPLOYMENT_TARGET = 14.0;
				MTL_ENABLE_DEBUG_INFO = INCLUDE_SOURCE;
				MTL_FAST_MATH = YES;
				ONLY_ACTIVE_ARCH = YES;
				SDKROOT = macosx;
				SWIFT_ACTIVE_COMPILATION_CONDITIONS = "DEBUG $(inherited)";
				SWIFT_OPTIMIZATION_LEVEL = "-Onone";
			};
			name = Debug;
		};
		001CB5262A718D4200DBB6FA /* Release */ = {
			isa = XCBuildConfiguration;
			buildSettings = {
				ALWAYS_SEARCH_USER_PATHS = NO;
				ASSETCATALOG_COMPILER_GENERATE_SWIFT_ASSET_SYMBOL_EXTENSIONS = YES;
				CLANG_ANALYZER_NONNULL = YES;
				CLANG_ANALYZER_NUMBER_OBJECT_CONVERSION = YES_AGGRESSIVE;
				CLANG_CXX_LANGUAGE_STANDARD = "gnu++20";
				CLANG_ENABLE_MODULES = YES;
				CLANG_ENABLE_OBJC_ARC = YES;
				CLANG_ENABLE_OBJC_WEAK = YES;
				CLANG_WARN_BLOCK_CAPTURE_AUTORELEASING = YES;
				CLANG_WARN_BOOL_CONVERSION = YES;
				CLANG_WARN_COMMA = YES;
				CLANG_WARN_CONSTANT_CONVERSION = YES;
				CLANG_WARN_DEPRECATED_OBJC_IMPLEMENTATIONS = YES;
				CLANG_WARN_DIRECT_OBJC_ISA_USAGE = YES_ERROR;
				CLANG_WARN_DOCUMENTATION_COMMENTS = YES;
				CLANG_WARN_EMPTY_BODY = YES;
				CLANG_WARN_ENUM_CONVERSION = YES;
				CLANG_WARN_INFINITE_RECURSION = YES;
				CLANG_WARN_INT_CONVERSION = YES;
				CLANG_WARN_NON_LITERAL_NULL_CONVERSION = YES;
				CLANG_WARN_OBJC_IMPLICIT_RETAIN_SELF = YES;
				CLANG_WARN_OBJC_LITERAL_CONVERSION = YES;
				CLANG_WARN_OBJC_ROOT_CLASS = YES_ERROR;
				CLANG_WARN_QUOTED_INCLUDE_IN_FRAMEWORK_HEADER = YES;
				CLANG_WARN_RANGE_LOOP_ANALYSIS = YES;
				CLANG_WARN_STRICT_PROTOTYPES = YES;
				CLANG_WARN_SUSPICIOUS_MOVE = YES;
				CLANG_WARN_UNGUARDED_AVAILABILITY = YES_AGGRESSIVE;
				CLANG_WARN_UNREACHABLE_CODE = YES;
				CLANG_WARN__DUPLICATE_METHOD_MATCH = YES;
				COPY_PHASE_STRIP = NO;
				DEBUG_INFORMATION_FORMAT = "dwarf-with-dsym";
				ENABLE_NS_ASSERTIONS = NO;
				ENABLE_STRICT_OBJC_MSGSEND = YES;
				ENABLE_USER_SCRIPT_SANDBOXING = YES;
				GCC_C_LANGUAGE_STANDARD = gnu17;
				GCC_NO_COMMON_BLOCKS = YES;
				GCC_WARN_64_TO_32_BIT_CONVERSION = YES;
				GCC_WARN_ABOUT_RETURN_TYPE = YES_ERROR;
				GCC_WARN_UNDECLARED_SELECTOR = YES;
				GCC_WARN_UNINITIALIZED_AUTOS = YES_AGGRESSIVE;
				GCC_WARN_UNUSED_FUNCTION = YES;
				GCC_WARN_UNUSED_VARIABLE = YES;
				LOCALIZATION_PREFERS_STRING_CATALOGS = YES;
				MACOSX_DEPLOYMENT_TARGET = 14.0;
				MTL_ENABLE_DEBUG_INFO = NO;
				MTL_FAST_MATH = YES;
				SDKROOT = macosx;
				SWIFT_COMPILATION_MODE = wholemodule;
			};
			name = Release;
		};
		001CB5282A718D4200DBB6FA /* Debug */ = {
			isa = XCBuildConfiguration;
			buildSettings = {
				ASSETCATALOG_COMPILER_APPICON_NAME = AppIcon;
				ASSETCATALOG_COMPILER_GLOBAL_ACCENT_COLOR_NAME = AccentColor;
				CLANG_ENABLE_MODULES = YES;
				CODE_SIGN_ENTITLEMENTS = Sequential/Sequential.entitlements;
				"CODE_SIGN_IDENTITY[sdk=macosx*]" = "Apple Development";
				CODE_SIGN_STYLE = Automatic;
				COMBINE_HIDPI_IMAGES = YES;
				CURRENT_PROJECT_VERSION = 1;
				DEVELOPMENT_TEAM = UYJ357XWK6;
				ENABLE_HARDENED_RUNTIME = YES;
				ENABLE_USER_SELECTED_FILES = "";
				GENERATE_INFOPLIST_FILE = YES;
				INFOPLIST_FILE = Sequential/Info.plist;
				INFOPLIST_KEY_LSApplicationCategoryType = "public.app-category.utilities";
				INFOPLIST_KEY_NSHumanReadableCopyright = "";
				INFOPLIST_KEY_NSMainStoryboardFile = "";
				LD_RUNPATH_SEARCH_PATHS = (
					"$(inherited)",
					"@executable_path/../Frameworks",
				);
				MARKETING_VERSION = 1.0;
				PRODUCT_BUNDLE_IDENTIFIER = com.kyleerhabor.Sequential;
				PRODUCT_NAME = "$(TARGET_NAME)";
				SWIFT_EMIT_LOC_STRINGS = YES;
				SWIFT_OPTIMIZATION_LEVEL = "-Onone";
				SWIFT_VERSION = 5.0;
			};
			name = Debug;
		};
		001CB5292A718D4200DBB6FA /* Release */ = {
			isa = XCBuildConfiguration;
			buildSettings = {
				ASSETCATALOG_COMPILER_APPICON_NAME = AppIcon;
				ASSETCATALOG_COMPILER_GLOBAL_ACCENT_COLOR_NAME = AccentColor;
				CLANG_ENABLE_MODULES = YES;
				CODE_SIGN_ENTITLEMENTS = Sequential/Sequential.entitlements;
				CODE_SIGN_STYLE = Automatic;
				COMBINE_HIDPI_IMAGES = YES;
				CURRENT_PROJECT_VERSION = 1;
				DEVELOPMENT_TEAM = UYJ357XWK6;
				ENABLE_HARDENED_RUNTIME = YES;
				ENABLE_USER_SELECTED_FILES = "";
				GENERATE_INFOPLIST_FILE = YES;
				INFOPLIST_FILE = Sequential/Info.plist;
				INFOPLIST_KEY_LSApplicationCategoryType = "public.app-category.utilities";
				INFOPLIST_KEY_NSHumanReadableCopyright = "";
				INFOPLIST_KEY_NSMainStoryboardFile = "";
				LD_RUNPATH_SEARCH_PATHS = (
					"$(inherited)",
					"@executable_path/../Frameworks",
				);
				MARKETING_VERSION = 1.0;
				PRODUCT_BUNDLE_IDENTIFIER = com.kyleerhabor.Sequential;
				PRODUCT_NAME = "$(TARGET_NAME)";
				SWIFT_EMIT_LOC_STRINGS = YES;
				SWIFT_VERSION = 5.0;
			};
			name = Release;
		};
/* End XCBuildConfiguration section */

/* Begin XCConfigurationList section */
		001CB5132A718D3C00DBB6FA /* Build configuration list for PBXProject "Sequential" */ = {
			isa = XCConfigurationList;
			buildConfigurations = (
				001CB5252A718D4200DBB6FA /* Debug */,
				001CB5262A718D4200DBB6FA /* Release */,
			);
			defaultConfigurationIsVisible = 0;
			defaultConfigurationName = Release;
		};
		001CB5272A718D4200DBB6FA /* Build configuration list for PBXNativeTarget "Sequential" */ = {
			isa = XCConfigurationList;
			buildConfigurations = (
				001CB5282A718D4200DBB6FA /* Debug */,
				001CB5292A718D4200DBB6FA /* Release */,
			);
			defaultConfigurationIsVisible = 0;
			defaultConfigurationName = Release;
		};
/* End XCConfigurationList section */
	};
	rootObject = 001CB5102A718D3C00DBB6FA /* Project object */;
}
