// !$*UTF8*$!
{
	archiveVersion = 1;
	classes = {
	};
	objectVersion = 56;
	objects = {

/* Begin PBXBuildFile section */
		000855692A72FE2C00309905 /* SequentialApp.swift in Sources */ = {isa = PBXBuildFile; fileRef = 000855682A72FE2C00309905 /* SequentialApp.swift */; };
		0008556E2A7306CB00309905 /* Standard.swift in Sources */ = {isa = PBXBuildFile; fileRef = 0008556D2A7306CB00309905 /* Standard.swift */; };
		000B78B92A9BC16C00573895 /* PrivacyInfo.xcprivacy in Resources */ = {isa = PBXBuildFile; fileRef = 000B78B82A9BBF2400573895 /* PrivacyInfo.xcprivacy */; };
		001CB5202A718D4200DBB6FA /* Assets.xcassets in Resources */ = {isa = PBXBuildFile; fileRef = 001CB51F2A718D4200DBB6FA /* Assets.xcassets */; };
		001D8D0E2A74AC5400B58790 /* Model.swift in Sources */ = {isa = PBXBuildFile; fileRef = 001D8D0D2A74AC5400B58790 /* Model.swift */; };
		001E1E672AC4DD79005EE188 /* CopyDepot.swift in Sources */ = {isa = PBXBuildFile; fileRef = 001E1E662AC4DD79005EE188 /* CopyDepot.swift */; };
		001E1E692AC4DEC8005EE188 /* ImageCollectionCopyDestinationView.swift in Sources */ = {isa = PBXBuildFile; fileRef = 001E1E682AC4DEC8005EE188 /* ImageCollectionCopyDestinationView.swift */; };
		001E7B652AD8394C001EAF72 /* SettingsGeneralView.swift in Sources */ = {isa = PBXBuildFile; fileRef = 001E7B642AD8394C001EAF72 /* SettingsGeneralView.swift */; };
		001E7B672AD83A21001EAF72 /* SettingsImportView.swift in Sources */ = {isa = PBXBuildFile; fileRef = 001E7B662AD83A21001EAF72 /* SettingsImportView.swift */; };
		002629D22AD59DC700ABFEB6 /* DisplayView.swift in Sources */ = {isa = PBXBuildFile; fileRef = 002629D12AD59DC700ABFEB6 /* DisplayView.swift */; };
		003763C92AB4068700D53F2E /* ImageCollectionSidebarView.swift in Sources */ = {isa = PBXBuildFile; fileRef = 003763C82AB4068700D53F2E /* ImageCollectionSidebarView.swift */; };
		003763CC2AB40FD800D53F2E /* ImageCollectionSidebarEmptyView.swift in Sources */ = {isa = PBXBuildFile; fileRef = 003763CB2AB40FD800D53F2E /* ImageCollectionSidebarEmptyView.swift */; };
		0042B5DB2AB8C450009F251B /* ImageCollectionCommands.swift in Sources */ = {isa = PBXBuildFile; fileRef = 0042B5DA2AB8C450009F251B /* ImageCollectionCommands.swift */; };
		004D8FC02A76C1C900C0303E /* SettingsView.swift in Sources */ = {isa = PBXBuildFile; fileRef = 004D8FBF2A76C1C900C0303E /* SettingsView.swift */; };
		0077AF922ABB8650002E3FF4 /* Image.swift in Sources */ = {isa = PBXBuildFile; fileRef = 0077AF912ABB8650002E3FF4 /* Image.swift */; };
		007D96372AB6367000F912A6 /* KeyEventView.swift in Sources */ = {isa = PBXBuildFile; fileRef = 007D96362AB6367000F912A6 /* KeyEventView.swift */; };
		007FDD492A76E1C800A1E42B /* WindowViewModifier.swift in Sources */ = {isa = PBXBuildFile; fileRef = 007FDD482A76E1C800A1E42B /* WindowViewModifier.swift */; };
		00C09BBF2A789D30006EB887 /* View.swift in Sources */ = {isa = PBXBuildFile; fileRef = 00C09BBE2A789D30006EB887 /* View.swift */; };
		00C127362A90CF7400B5452C /* LiveTextView.swift in Sources */ = {isa = PBXBuildFile; fileRef = 00C127352A90CF7400B5452C /* LiveTextView.swift */; };
		00C369532AB766DC0033F10A /* ImageCollection.swift in Sources */ = {isa = PBXBuildFile; fileRef = 00C369522AB766DC0033F10A /* ImageCollection.swift */; };
		00CBAB572AB23E1F0045FF83 /* ImageCollectionView.swift in Sources */ = {isa = PBXBuildFile; fileRef = 00CBAB562AB23E1F0045FF83 /* ImageCollectionView.swift */; };
		00CBAB5A2AB23E9C0045FF83 /* ImageCollectionScene.swift in Sources */ = {isa = PBXBuildFile; fileRef = 00CBAB592AB23E9C0045FF83 /* ImageCollectionScene.swift */; };
		00CBAB5C2AB2470C0045FF83 /* ImageCollectionDetailView.swift in Sources */ = {isa = PBXBuildFile; fileRef = 00CBAB5B2AB2470C0045FF83 /* ImageCollectionDetailView.swift */; };
		00D38C312AD73672005505F5 /* ImageCollectionSidebarContentView.swift in Sources */ = {isa = PBXBuildFile; fileRef = 00D38C302AD73671005505F5 /* ImageCollectionSidebarContentView.swift */; };
		00E0ECC02A76A8000030A0DC /* AppDelegate.swift in Sources */ = {isa = PBXBuildFile; fileRef = 00E0ECBF2A76A8000030A0DC /* AppDelegate.swift */; };
		00E22C542ACF32BB001048ED /* Bookmark.swift in Sources */ = {isa = PBXBuildFile; fileRef = 00E22C532ACF32BB001048ED /* Bookmark.swift */; };
		00FF849A2A995BBB007A4C69 /* SettingsDestinationsView.swift in Sources */ = {isa = PBXBuildFile; fileRef = 00FF84992A995BBB007A4C69 /* SettingsDestinationsView.swift */; };
/* End PBXBuildFile section */

/* Begin PBXFileReference section */
		000855682A72FE2C00309905 /* SequentialApp.swift */ = {isa = PBXFileReference; lastKnownFileType = sourcecode.swift; path = SequentialApp.swift; sourceTree = "<group>"; };
		0008556D2A7306CB00309905 /* Standard.swift */ = {isa = PBXFileReference; lastKnownFileType = sourcecode.swift; path = Standard.swift; sourceTree = "<group>"; };
		000B78B82A9BBF2400573895 /* PrivacyInfo.xcprivacy */ = {isa = PBXFileReference; lastKnownFileType = text.xml; name = PrivacyInfo.xcprivacy; path = Sequential/PrivacyInfo.xcprivacy; sourceTree = SOURCE_ROOT; };
		001CB5182A718D3C00DBB6FA /* Sequential.app */ = {isa = PBXFileReference; explicitFileType = wrapper.application; includeInIndex = 0; path = Sequential.app; sourceTree = BUILT_PRODUCTS_DIR; };
		001CB51F2A718D4200DBB6FA /* Assets.xcassets */ = {isa = PBXFileReference; lastKnownFileType = folder.assetcatalog; path = Assets.xcassets; sourceTree = "<group>"; };
		001CB5242A718D4200DBB6FA /* Sequential.entitlements */ = {isa = PBXFileReference; lastKnownFileType = text.plist.entitlements; path = Sequential.entitlements; sourceTree = "<group>"; };
		001D8D0D2A74AC5400B58790 /* Model.swift */ = {isa = PBXFileReference; lastKnownFileType = sourcecode.swift; path = Model.swift; sourceTree = "<group>"; };
		001E1E662AC4DD79005EE188 /* CopyDepot.swift */ = {isa = PBXFileReference; lastKnownFileType = sourcecode.swift; path = CopyDepot.swift; sourceTree = "<group>"; };
		001E1E682AC4DEC8005EE188 /* ImageCollectionCopyDestinationView.swift */ = {isa = PBXFileReference; lastKnownFileType = sourcecode.swift; path = ImageCollectionCopyDestinationView.swift; sourceTree = "<group>"; };
		001E7B642AD8394C001EAF72 /* SettingsGeneralView.swift */ = {isa = PBXFileReference; lastKnownFileType = sourcecode.swift; path = SettingsGeneralView.swift; sourceTree = "<group>"; };
		001E7B662AD83A21001EAF72 /* SettingsImportView.swift */ = {isa = PBXFileReference; lastKnownFileType = sourcecode.swift; path = SettingsImportView.swift; sourceTree = "<group>"; };
		002629D12AD59DC700ABFEB6 /* DisplayView.swift */ = {isa = PBXFileReference; lastKnownFileType = sourcecode.swift; path = DisplayView.swift; sourceTree = "<group>"; };
		003763C82AB4068700D53F2E /* ImageCollectionSidebarView.swift */ = {isa = PBXFileReference; lastKnownFileType = sourcecode.swift; path = ImageCollectionSidebarView.swift; sourceTree = "<group>"; };
		003763CB2AB40FD800D53F2E /* ImageCollectionSidebarEmptyView.swift */ = {isa = PBXFileReference; lastKnownFileType = sourcecode.swift; path = ImageCollectionSidebarEmptyView.swift; sourceTree = "<group>"; };
		0042B5DA2AB8C450009F251B /* ImageCollectionCommands.swift */ = {isa = PBXFileReference; lastKnownFileType = sourcecode.swift; path = ImageCollectionCommands.swift; sourceTree = "<group>"; };
		004379D32A77734200246057 /* README.md */ = {isa = PBXFileReference; lastKnownFileType = net.daringfireball.markdown; path = README.md; sourceTree = "<group>"; };
		004D822E2AC77C1A00C8284C /* The Ancient Magus' Bride.png */ = {isa = PBXFileReference; lastKnownFileType = image.png; path = "The Ancient Magus' Bride.png"; sourceTree = "<group>"; };
		004D8FBF2A76C1C900C0303E /* SettingsView.swift */ = {isa = PBXFileReference; lastKnownFileType = sourcecode.swift; path = SettingsView.swift; sourceTree = "<group>"; };
		0077AF912ABB8650002E3FF4 /* Image.swift */ = {isa = PBXFileReference; lastKnownFileType = sourcecode.swift; path = Image.swift; sourceTree = "<group>"; };
		007D96362AB6367000F912A6 /* KeyEventView.swift */ = {isa = PBXFileReference; lastKnownFileType = sourcecode.swift; path = KeyEventView.swift; sourceTree = "<group>"; };
		007FDD482A76E1C800A1E42B /* WindowViewModifier.swift */ = {isa = PBXFileReference; lastKnownFileType = sourcecode.swift; path = WindowViewModifier.swift; sourceTree = "<group>"; };
		009A6D112AD6564F00436383 /* Children of the Whales.png */ = {isa = PBXFileReference; lastKnownFileType = image.png; path = "Children of the Whales.png"; sourceTree = "<group>"; };
		00C09BBE2A789D30006EB887 /* View.swift */ = {isa = PBXFileReference; lastKnownFileType = sourcecode.swift; path = View.swift; sourceTree = "<group>"; };
		00C127352A90CF7400B5452C /* LiveTextView.swift */ = {isa = PBXFileReference; lastKnownFileType = sourcecode.swift; path = LiveTextView.swift; sourceTree = "<group>"; };
		00C369522AB766DC0033F10A /* ImageCollection.swift */ = {isa = PBXFileReference; lastKnownFileType = sourcecode.swift; path = ImageCollection.swift; sourceTree = "<group>"; };
		00C712512A7EAF7A009F1802 /* LICENSE */ = {isa = PBXFileReference; lastKnownFileType = text; path = LICENSE; sourceTree = "<group>"; };
		00CBAB562AB23E1F0045FF83 /* ImageCollectionView.swift */ = {isa = PBXFileReference; lastKnownFileType = sourcecode.swift; path = ImageCollectionView.swift; sourceTree = "<group>"; };
		00CBAB592AB23E9C0045FF83 /* ImageCollectionScene.swift */ = {isa = PBXFileReference; lastKnownFileType = sourcecode.swift; path = ImageCollectionScene.swift; sourceTree = "<group>"; };
		00CBAB5B2AB2470C0045FF83 /* ImageCollectionDetailView.swift */ = {isa = PBXFileReference; lastKnownFileType = sourcecode.swift; path = ImageCollectionDetailView.swift; sourceTree = "<group>"; };
		00D38C302AD73671005505F5 /* ImageCollectionSidebarContentView.swift */ = {isa = PBXFileReference; lastKnownFileType = sourcecode.swift; path = ImageCollectionSidebarContentView.swift; sourceTree = "<group>"; };
		00DC498E2A75B92000161495 /* Info.plist */ = {isa = PBXFileReference; lastKnownFileType = text.plist; path = Info.plist; sourceTree = "<group>"; };
		00E0ECBF2A76A8000030A0DC /* AppDelegate.swift */ = {isa = PBXFileReference; lastKnownFileType = sourcecode.swift; path = AppDelegate.swift; sourceTree = "<group>"; };
		00E22C532ACF32BB001048ED /* Bookmark.swift */ = {isa = PBXFileReference; lastKnownFileType = sourcecode.swift; path = Bookmark.swift; sourceTree = "<group>"; };
		00FF84992A995BBB007A4C69 /* SettingsDestinationsView.swift */ = {isa = PBXFileReference; lastKnownFileType = sourcecode.swift; path = SettingsDestinationsView.swift; sourceTree = "<group>"; };
/* End PBXFileReference section */

/* Begin PBXFrameworksBuildPhase section */
		001CB5152A718D3C00DBB6FA /* Frameworks */ = {
			isa = PBXFrameworksBuildPhase;
			buildActionMask = 2147483647;
			files = (
			);
			runOnlyForDeploymentPostprocessing = 0;
		};
/* End PBXFrameworksBuildPhase section */

/* Begin PBXGroup section */
		0008556A2A72FECF00309905 /* Views */ = {
			isa = PBXGroup;
			children = (
				00CBAB562AB23E1F0045FF83 /* ImageCollectionView.swift */,
				004D8FBF2A76C1C900C0303E /* SettingsView.swift */,
				00E0ECBF2A76A8000030A0DC /* AppDelegate.swift */,
				00CBAB582AB23E790045FF83 /* Collection */,
				00E0ECBE2A7633100030A0DC /* Scenes */,
				00FF84982A995B9D007A4C69 /* Settings */,
				00C127322A90925800B5452C /* Legos */,
			);
			path = Views;
			sourceTree = "<group>";
		};
		001CB50F2A718D3C00DBB6FA = {
			isa = PBXGroup;
			children = (
				004379D32A77734200246057 /* README.md */,
				00C712512A7EAF7A009F1802 /* LICENSE */,
				001CB51A2A718D3C00DBB6FA /* Sequential */,
				005B45022A8FFE1F00699AF0 /* Documentation */,
				001CB5192A718D3C00DBB6FA /* Products */,
			);
			sourceTree = "<group>";
		};
		001CB5192A718D3C00DBB6FA /* Products */ = {
			isa = PBXGroup;
			children = (
				001CB5182A718D3C00DBB6FA /* Sequential.app */,
			);
			name = Products;
			sourceTree = "<group>";
		};
		001CB51A2A718D3C00DBB6FA /* Sequential */ = {
			isa = PBXGroup;
			children = (
				000855682A72FE2C00309905 /* SequentialApp.swift */,
				0008556D2A7306CB00309905 /* Standard.swift */,
				00C09BBE2A789D30006EB887 /* View.swift */,
				001D8D0D2A74AC5400B58790 /* Model.swift */,
				0008556A2A72FECF00309905 /* Views */,
				00BE70C62A97BAD800315808 /* Models */,
				0077AF902ABB8637002E3FF4 /* Standard */,
				00DC498E2A75B92000161495 /* Info.plist */,
				001CB51F2A718D4200DBB6FA /* Assets.xcassets */,
				001CB5242A718D4200DBB6FA /* Sequential.entitlements */,
				000B78B82A9BBF2400573895 /* PrivacyInfo.xcprivacy */,
			);
			path = Sequential;
			sourceTree = "<group>";
		};
		003763CA2AB40FC200D53F2E /* Sidebar */ = {
			isa = PBXGroup;
			children = (
				003763CB2AB40FD800D53F2E /* ImageCollectionSidebarEmptyView.swift */,
				00D38C302AD73671005505F5 /* ImageCollectionSidebarContentView.swift */,
			);
			path = Sidebar;
			sourceTree = "<group>";
		};
		005B45022A8FFE1F00699AF0 /* Documentation */ = {
			isa = PBXGroup;
			children = (
				009A6D102AD6561400436383 /* Screenshots */,
			);
			path = Documentation;
			sourceTree = "<group>";
		};
		0077AF902ABB8637002E3FF4 /* Standard */ = {
			isa = PBXGroup;
			children = (
				0077AF912ABB8650002E3FF4 /* Image.swift */,
			);
			path = Standard;
			sourceTree = "<group>";
		};
		009A6D102AD6561400436383 /* Screenshots */ = {
			isa = PBXGroup;
			children = (
				009A6D112AD6564F00436383 /* Children of the Whales.png */,
				004D822E2AC77C1A00C8284C /* The Ancient Magus' Bride.png */,
			);
			path = Screenshots;
			sourceTree = "<group>";
		};
		00BE70C62A97BAD800315808 /* Models */ = {
			isa = PBXGroup;
			children = (
				00E22C532ACF32BB001048ED /* Bookmark.swift */,
				00C369522AB766DC0033F10A /* ImageCollection.swift */,
				001E1E662AC4DD79005EE188 /* CopyDepot.swift */,
			);
			path = Models;
			sourceTree = "<group>";
		};
		00C127322A90925800B5452C /* Legos */ = {
			isa = PBXGroup;
			children = (
				002629D12AD59DC700ABFEB6 /* DisplayView.swift */,
				00C127352A90CF7400B5452C /* LiveTextView.swift */,
				007D96362AB6367000F912A6 /* KeyEventView.swift */,
			);
			path = Legos;
			sourceTree = "<group>";
		};
		00CBAB582AB23E790045FF83 /* Collection */ = {
			isa = PBXGroup;
			children = (
				00CBAB5B2AB2470C0045FF83 /* ImageCollectionDetailView.swift */,
				003763C82AB4068700D53F2E /* ImageCollectionSidebarView.swift */,
				001E1E682AC4DEC8005EE188 /* ImageCollectionCopyDestinationView.swift */,
				003763CA2AB40FC200D53F2E /* Sidebar */,
			);
			path = Collection;
			sourceTree = "<group>";
		};
		00E0ECBE2A7633100030A0DC /* Scenes */ = {
			isa = PBXGroup;
			children = (
				00CBAB592AB23E9C0045FF83 /* ImageCollectionScene.swift */,
				0042B5DA2AB8C450009F251B /* ImageCollectionCommands.swift */,
				007FDD482A76E1C800A1E42B /* WindowViewModifier.swift */,
			);
			path = Scenes;
			sourceTree = "<group>";
		};
		00FF84982A995B9D007A4C69 /* Settings */ = {
			isa = PBXGroup;
			children = (
				001E7B642AD8394C001EAF72 /* SettingsGeneralView.swift */,
				001E7B662AD83A21001EAF72 /* SettingsImportView.swift */,
				00FF84992A995BBB007A4C69 /* SettingsDestinationsView.swift */,
			);
			path = Settings;
			sourceTree = "<group>";
		};
/* End PBXGroup section */

/* Begin PBXNativeTarget section */
		001CB5172A718D3C00DBB6FA /* Sequential */ = {
			isa = PBXNativeTarget;
			buildConfigurationList = 001CB5272A718D4200DBB6FA /* Build configuration list for PBXNativeTarget "Sequential" */;
			buildPhases = (
				001CB5142A718D3C00DBB6FA /* Sources */,
				001CB5152A718D3C00DBB6FA /* Frameworks */,
				001CB5162A718D3C00DBB6FA /* Resources */,
			);
			buildRules = (
			);
			dependencies = (
			);
			name = Sequential;
			packageProductDependencies = (
			);
			productName = Sequential;
			productReference = 001CB5182A718D3C00DBB6FA /* Sequential.app */;
			productType = "com.apple.product-type.application";
		};
/* End PBXNativeTarget section */

/* Begin PBXProject section */
		001CB5102A718D3C00DBB6FA /* Project object */ = {
			isa = PBXProject;
			attributes = {
				BuildIndependentTargetsInParallel = 1;
				LastSwiftUpdateCheck = 1500;
				LastUpgradeCheck = 1500;
				TargetAttributes = {
					001CB5172A718D3C00DBB6FA = {
						CreatedOnToolsVersion = 15.0;
						LastSwiftMigration = 1500;
					};
				};
			};
			buildConfigurationList = 001CB5132A718D3C00DBB6FA /* Build configuration list for PBXProject "Sequential" */;
			compatibilityVersion = "Xcode 14.0";
			developmentRegion = en;
			hasScannedForEncodings = 0;
			knownRegions = (
				en,
				Base,
			);
			mainGroup = 001CB50F2A718D3C00DBB6FA;
			packageReferences = (
			);
			productRefGroup = 001CB5192A718D3C00DBB6FA /* Products */;
			projectDirPath = "";
			projectRoot = "";
			targets = (
				001CB5172A718D3C00DBB6FA /* Sequential */,
			);
		};
/* End PBXProject section */

/* Begin PBXResourcesBuildPhase section */
		001CB5162A718D3C00DBB6FA /* Resources */ = {
			isa = PBXResourcesBuildPhase;
			buildActionMask = 2147483647;
			files = (
				000B78B92A9BC16C00573895 /* PrivacyInfo.xcprivacy in Resources */,
				001CB5202A718D4200DBB6FA /* Assets.xcassets in Resources */,
			);
			runOnlyForDeploymentPostprocessing = 0;
		};
/* End PBXResourcesBuildPhase section */

/* Begin PBXSourcesBuildPhase section */
		001CB5142A718D3C00DBB6FA /* Sources */ = {
			isa = PBXSourcesBuildPhase;
			buildActionMask = 2147483647;
			files = (
				001D8D0E2A74AC5400B58790 /* Model.swift in Sources */,
				00E22C542ACF32BB001048ED /* Bookmark.swift in Sources */,
				003763C92AB4068700D53F2E /* ImageCollectionSidebarView.swift in Sources */,
				007D96372AB6367000F912A6 /* KeyEventView.swift in Sources */,
				004D8FC02A76C1C900C0303E /* SettingsView.swift in Sources */,
				00C369532AB766DC0033F10A /* ImageCollection.swift in Sources */,
				002629D22AD59DC700ABFEB6 /* DisplayView.swift in Sources */,
				00C09BBF2A789D30006EB887 /* View.swift in Sources */,
				0008556E2A7306CB00309905 /* Standard.swift in Sources */,
				00FF849A2A995BBB007A4C69 /* SettingsDestinationsView.swift in Sources */,
				007FDD492A76E1C800A1E42B /* WindowViewModifier.swift in Sources */,
				00C127362A90CF7400B5452C /* LiveTextView.swift in Sources */,
				00E0ECC02A76A8000030A0DC /* AppDelegate.swift in Sources */,
				0077AF922ABB8650002E3FF4 /* Image.swift in Sources */,
				000855692A72FE2C00309905 /* SequentialApp.swift in Sources */,
				003763CC2AB40FD800D53F2E /* ImageCollectionSidebarEmptyView.swift in Sources */,
				001E1E692AC4DEC8005EE188 /* ImageCollectionCopyDestinationView.swift in Sources */,
				00CBAB5C2AB2470C0045FF83 /* ImageCollectionDetailView.swift in Sources */,
				0042B5DB2AB8C450009F251B /* ImageCollectionCommands.swift in Sources */,
				001E1E672AC4DD79005EE188 /* CopyDepot.swift in Sources */,
				00D38C312AD73672005505F5 /* ImageCollectionSidebarContentView.swift in Sources */,
				00CBAB572AB23E1F0045FF83 /* ImageCollectionView.swift in Sources */,
				001E7B672AD83A21001EAF72 /* SettingsImportView.swift in Sources */,
				001E7B652AD8394C001EAF72 /* SettingsGeneralView.swift in Sources */,
				00CBAB5A2AB23E9C0045FF83 /* ImageCollectionScene.swift in Sources */,
			);
			runOnlyForDeploymentPostprocessing = 0;
		};
/* End PBXSourcesBuildPhase section */

/* Begin XCBuildConfiguration section */
		001CB5252A718D4200DBB6FA /* Debug */ = {
			isa = XCBuildConfiguration;
			buildSettings = {
				ALWAYS_SEARCH_USER_PATHS = NO;
				ASSETCATALOG_COMPILER_GENERATE_SWIFT_ASSET_SYMBOL_EXTENSIONS = YES;
				CLANG_ANALYZER_NONNULL = YES;
				CLANG_ANALYZER_NUMBER_OBJECT_CONVERSION = YES_AGGRESSIVE;
				CLANG_CXX_LANGUAGE_STANDARD = "gnu++20";
				CLANG_ENABLE_MODULES = YES;
				CLANG_ENABLE_OBJC_ARC = YES;
				CLANG_ENABLE_OBJC_WEAK = YES;
				CLANG_WARN_BLOCK_CAPTURE_AUTORELEASING = YES;
				CLANG_WARN_BOOL_CONVERSION = YES;
				CLANG_WARN_COMMA = YES;
				CLANG_WARN_CONSTANT_CONVERSION = YES;
				CLANG_WARN_DEPRECATED_OBJC_IMPLEMENTATIONS = YES;
				CLANG_WARN_DIRECT_OBJC_ISA_USAGE = YES_ERROR;
				CLANG_WARN_DOCUMENTATION_COMMENTS = YES;
				CLANG_WARN_EMPTY_BODY = YES;
				CLANG_WARN_ENUM_CONVERSION = YES;
				CLANG_WARN_INFINITE_RECURSION = YES;
				CLANG_WARN_INT_CONVERSION = YES;
				CLANG_WARN_NON_LITERAL_NULL_CONVERSION = YES;
				CLANG_WARN_OBJC_IMPLICIT_RETAIN_SELF = YES;
				CLANG_WARN_OBJC_LITERAL_CONVERSION = YES;
				CLANG_WARN_OBJC_ROOT_CLASS = YES_ERROR;
				CLANG_WARN_QUOTED_INCLUDE_IN_FRAMEWORK_HEADER = YES;
				CLANG_WARN_RANGE_LOOP_ANALYSIS = YES;
				CLANG_WARN_STRICT_PROTOTYPES = YES;
				CLANG_WARN_SUSPICIOUS_MOVE = YES;
				CLANG_WARN_UNGUARDED_AVAILABILITY = YES_AGGRESSIVE;
				CLANG_WARN_UNREACHABLE_CODE = YES;
				CLANG_WARN__DUPLICATE_METHOD_MATCH = YES;
				COPY_PHASE_STRIP = NO;
				DEBUG_INFORMATION_FORMAT = dwarf;
				ENABLE_STRICT_OBJC_MSGSEND = YES;
				ENABLE_TESTABILITY = YES;
				ENABLE_USER_SCRIPT_SANDBOXING = YES;
				GCC_C_LANGUAGE_STANDARD = gnu17;
				GCC_DYNAMIC_NO_PIC = NO;
				GCC_NO_COMMON_BLOCKS = YES;
				GCC_OPTIMIZATION_LEVEL = 0;
				GCC_PREPROCESSOR_DEFINITIONS = (
					"DEBUG=1",
					"$(inherited)",
				);
				GCC_WARN_64_TO_32_BIT_CONVERSION = YES;
				GCC_WARN_ABOUT_RETURN_TYPE = YES_ERROR;
				GCC_WARN_UNDECLARED_SELECTOR = YES;
				GCC_WARN_UNINITIALIZED_AUTOS = YES_AGGRESSIVE;
				GCC_WARN_UNUSED_FUNCTION = YES;
				GCC_WARN_UNUSED_VARIABLE = YES;
				LOCALIZATION_PREFERS_STRING_CATALOGS = YES;
				MACOSX_DEPLOYMENT_TARGET = 14.0;
				MTL_ENABLE_DEBUG_INFO = INCLUDE_SOURCE;
				MTL_FAST_MATH = YES;
				ONLY_ACTIVE_ARCH = YES;
				SDKROOT = macosx;
				SWIFT_ACTIVE_COMPILATION_CONDITIONS = "DEBUG $(inherited)";
				SWIFT_OPTIMIZATION_LEVEL = "-Onone";
			};
			name = Debug;
		};
		001CB5262A718D4200DBB6FA /* Release */ = {
			isa = XCBuildConfiguration;
			buildSettings = {
				ALWAYS_SEARCH_USER_PATHS = NO;
				ASSETCATALOG_COMPILER_GENERATE_SWIFT_ASSET_SYMBOL_EXTENSIONS = YES;
				CLANG_ANALYZER_NONNULL = YES;
				CLANG_ANALYZER_NUMBER_OBJECT_CONVERSION = YES_AGGRESSIVE;
				CLANG_CXX_LANGUAGE_STANDARD = "gnu++20";
				CLANG_ENABLE_MODULES = YES;
				CLANG_ENABLE_OBJC_ARC = YES;
				CLANG_ENABLE_OBJC_WEAK = YES;
				CLANG_WARN_BLOCK_CAPTURE_AUTORELEASING = YES;
				CLANG_WARN_BOOL_CONVERSION = YES;
				CLANG_WARN_COMMA = YES;
				CLANG_WARN_CONSTANT_CONVERSION = YES;
				CLANG_WARN_DEPRECATED_OBJC_IMPLEMENTATIONS = YES;
				CLANG_WARN_DIRECT_OBJC_ISA_USAGE = YES_ERROR;
				CLANG_WARN_DOCUMENTATION_COMMENTS = YES;
				CLANG_WARN_EMPTY_BODY = YES;
				CLANG_WARN_ENUM_CONVERSION = YES;
				CLANG_WARN_INFINITE_RECURSION = YES;
				CLANG_WARN_INT_CONVERSION = YES;
				CLANG_WARN_NON_LITERAL_NULL_CONVERSION = YES;
				CLANG_WARN_OBJC_IMPLICIT_RETAIN_SELF = YES;
				CLANG_WARN_OBJC_LITERAL_CONVERSION = YES;
				CLANG_WARN_OBJC_ROOT_CLASS = YES_ERROR;
				CLANG_WARN_QUOTED_INCLUDE_IN_FRAMEWORK_HEADER = YES;
				CLANG_WARN_RANGE_LOOP_ANALYSIS = YES;
				CLANG_WARN_STRICT_PROTOTYPES = YES;
				CLANG_WARN_SUSPICIOUS_MOVE = YES;
				CLANG_WARN_UNGUARDED_AVAILABILITY = YES_AGGRESSIVE;
				CLANG_WARN_UNREACHABLE_CODE = YES;
				CLANG_WARN__DUPLICATE_METHOD_MATCH = YES;
				COPY_PHASE_STRIP = NO;
				DEBUG_INFORMATION_FORMAT = "dwarf-with-dsym";
				ENABLE_NS_ASSERTIONS = NO;
				ENABLE_STRICT_OBJC_MSGSEND = YES;
				ENABLE_USER_SCRIPT_SANDBOXING = YES;
				GCC_C_LANGUAGE_STANDARD = gnu17;
				GCC_NO_COMMON_BLOCKS = YES;
				GCC_WARN_64_TO_32_BIT_CONVERSION = YES;
				GCC_WARN_ABOUT_RETURN_TYPE = YES_ERROR;
				GCC_WARN_UNDECLARED_SELECTOR = YES;
				GCC_WARN_UNINITIALIZED_AUTOS = YES_AGGRESSIVE;
				GCC_WARN_UNUSED_FUNCTION = YES;
				GCC_WARN_UNUSED_VARIABLE = YES;
				LOCALIZATION_PREFERS_STRING_CATALOGS = YES;
				MACOSX_DEPLOYMENT_TARGET = 14.0;
				MTL_ENABLE_DEBUG_INFO = NO;
				MTL_FAST_MATH = YES;
				SDKROOT = macosx;
				SWIFT_COMPILATION_MODE = wholemodule;
			};
			name = Release;
		};
		001CB5282A718D4200DBB6FA /* Debug */ = {
			isa = XCBuildConfiguration;
			buildSettings = {
				ASSETCATALOG_COMPILER_APPICON_NAME = AppIcon;
				ASSETCATALOG_COMPILER_GLOBAL_ACCENT_COLOR_NAME = AccentColor;
				CLANG_ENABLE_MODULES = YES;
				CODE_SIGN_ENTITLEMENTS = Sequential/Sequential.entitlements;
				"CODE_SIGN_IDENTITY[sdk=macosx*]" = "Apple Development";
				CODE_SIGN_STYLE = Automatic;
				COMBINE_HIDPI_IMAGES = YES;
				CURRENT_PROJECT_VERSION = 1;
				DEBUG_INFORMATION_FORMAT = dwarf;
				DEVELOPMENT_TEAM = UYJ357XWK6;
				ENABLE_HARDENED_RUNTIME = YES;
				ENABLE_USER_SELECTED_FILES = "";
				GENERATE_INFOPLIST_FILE = YES;
				INFOPLIST_FILE = Sequential/Info.plist;
				INFOPLIST_KEY_LSApplicationCategoryType = "public.app-category.productivity";
				INFOPLIST_KEY_NSHumanReadableCopyright = "";
				INFOPLIST_KEY_NSMainStoryboardFile = "";
				LD_RUNPATH_SEARCH_PATHS = (
					"$(inherited)",
					"@executable_path/../Frameworks",
				);
				MARKETING_VERSION = 1.0;
				PRODUCT_BUNDLE_IDENTIFIER = com.kyleerhabor.Sequential;
				PRODUCT_NAME = "$(TARGET_NAME)";
				SWIFT_EMIT_LOC_STRINGS = YES;
				SWIFT_OPTIMIZATION_LEVEL = "-Onone";
				SWIFT_VERSION = 5.0;
			};
			name = Debug;
		};
		001CB5292A718D4200DBB6FA /* Release */ = {
			isa = XCBuildConfiguration;
			buildSettings = {
				ASSETCATALOG_COMPILER_APPICON_NAME = AppIcon;
				ASSETCATALOG_COMPILER_GLOBAL_ACCENT_COLOR_NAME = AccentColor;
				CLANG_ENABLE_MODULES = YES;
				CODE_SIGN_ENTITLEMENTS = Sequential/Sequential.entitlements;
				CODE_SIGN_STYLE = Automatic;
				COMBINE_HIDPI_IMAGES = YES;
				CURRENT_PROJECT_VERSION = 1;
				DEVELOPMENT_TEAM = UYJ357XWK6;
				ENABLE_HARDENED_RUNTIME = YES;
				ENABLE_USER_SELECTED_FILES = "";
				GENERATE_INFOPLIST_FILE = YES;
				INFOPLIST_FILE = Sequential/Info.plist;
				INFOPLIST_KEY_LSApplicationCategoryType = "public.app-category.productivity";
				INFOPLIST_KEY_NSHumanReadableCopyright = "";
				INFOPLIST_KEY_NSMainStoryboardFile = "";
				LD_RUNPATH_SEARCH_PATHS = (
					"$(inherited)",
					"@executable_path/../Frameworks",
				);
				MARKETING_VERSION = 1.0;
				PRODUCT_BUNDLE_IDENTIFIER = com.kyleerhabor.Sequential;
				PRODUCT_NAME = "$(TARGET_NAME)";
				SWIFT_DISABLE_SAFETY_CHECKS = NO;
				SWIFT_EMIT_LOC_STRINGS = YES;
				SWIFT_OPTIMIZATION_LEVEL = "-O";
				SWIFT_VERSION = 5.0;
			};
			name = Release;
		};
/* End XCBuildConfiguration section */

/* Begin XCConfigurationList section */
		001CB5132A718D3C00DBB6FA /* Build configuration list for PBXProject "Sequential" */ = {
			isa = XCConfigurationList;
			buildConfigurations = (
				001CB5252A718D4200DBB6FA /* Debug */,
				001CB5262A718D4200DBB6FA /* Release */,
			);
			defaultConfigurationIsVisible = 0;
			defaultConfigurationName = Release;
		};
		001CB5272A718D4200DBB6FA /* Build configuration list for PBXNativeTarget "Sequential" */ = {
			isa = XCConfigurationList;
			buildConfigurations = (
				001CB5282A718D4200DBB6FA /* Debug */,
				001CB5292A718D4200DBB6FA /* Release */,
			);
			defaultConfigurationIsVisible = 0;
			defaultConfigurationName = Release;
		};
/* End XCConfigurationList section */
	};
	rootObject = 001CB5102A718D3C00DBB6FA /* Project object */;
}
